// !$*UTF8*$!
{
	archiveVersion = 1;
	classes = {
	};
	objectVersion = 50;
	objects = {

/* Begin PBXBuildFile section */
		8339EDAC2677EAF9000A21C7 /* ItemList.swift in Sources */ = {isa = PBXBuildFile; fileRef = 8339EDAB2677EAF9000A21C7 /* ItemList.swift */; };
		8339EDB42677EDAB000A21C7 /* ListsData.json in Resources */ = {isa = PBXBuildFile; fileRef = 8339EDB32677EDAB000A21C7 /* ListsData.json */; };
		8339EDB82678DBE7000A21C7 /* ItemInfo.swift in Sources */ = {isa = PBXBuildFile; fileRef = 8339EDB72678DBE7000A21C7 /* ItemInfo.swift */; };
		83D4B0132677857600C3994A /* CheckListsApp.swift in Sources */ = {isa = PBXBuildFile; fileRef = 83D4B0122677857600C3994A /* CheckListsApp.swift */; };
		83D4B0152677857600C3994A /* ContentView.swift in Sources */ = {isa = PBXBuildFile; fileRef = 83D4B0142677857600C3994A /* ContentView.swift */; };
		83D4B0172677857800C3994A /* Assets.xcassets in Resources */ = {isa = PBXBuildFile; fileRef = 83D4B0162677857800C3994A /* Assets.xcassets */; };
		83D4B01A2677857800C3994A /* Preview Assets.xcassets in Resources */ = {isa = PBXBuildFile; fileRef = 83D4B0192677857800C3994A /* Preview Assets.xcassets */; };
		83D4B02326779A0900C3994A /* ListSelection.swift in Sources */ = {isa = PBXBuildFile; fileRef = 83D4B02226779A0900C3994A /* ListSelection.swift */; };
		83D4B02526779A5E00C3994A /* ListRow.swift in Sources */ = {isa = PBXBuildFile; fileRef = 83D4B02426779A5E00C3994A /* ListRow.swift */; };
		83D4B02D2677A0F800C3994A /* CheckList.swift in Sources */ = {isa = PBXBuildFile; fileRef = 83D4B02C2677A0F800C3994A /* CheckList.swift */; };
		83D4B02F2677A95800C3994A /* ModelData.swift in Sources */ = {isa = PBXBuildFile; fileRef = 83D4B02E2677A95800C3994A /* ModelData.swift */; };
/* End PBXBuildFile section */

/* Begin PBXFileReference section */
		8339EDAB2677EAF9000A21C7 /* ItemList.swift */ = {isa = PBXFileReference; lastKnownFileType = sourcecode.swift; path = ItemList.swift; sourceTree = "<group>"; };
		8339EDB32677EDAB000A21C7 /* ListsData.json */ = {isa = PBXFileReference; lastKnownFileType = text.json; path = ListsData.json; sourceTree = "<group>"; };
		8339EDB72678DBE7000A21C7 /* ItemInfo.swift */ = {isa = PBXFileReference; lastKnownFileType = sourcecode.swift; path = ItemInfo.swift; sourceTree = "<group>"; };
		83D4B00F2677857600C3994A /* CheckLists.app */ = {isa = PBXFileReference; explicitFileType = wrapper.application; includeInIndex = 0; path = CheckLists.app; sourceTree = BUILT_PRODUCTS_DIR; };
		83D4B0122677857600C3994A /* CheckListsApp.swift */ = {isa = PBXFileReference; lastKnownFileType = sourcecode.swift; path = CheckListsApp.swift; sourceTree = "<group>"; };
		83D4B0142677857600C3994A /* ContentView.swift */ = {isa = PBXFileReference; lastKnownFileType = sourcecode.swift; path = ContentView.swift; sourceTree = "<group>"; };
		83D4B0162677857800C3994A /* Assets.xcassets */ = {isa = PBXFileReference; lastKnownFileType = folder.assetcatalog; path = Assets.xcassets; sourceTree = "<group>"; };
		83D4B0192677857800C3994A /* Preview Assets.xcassets */ = {isa = PBXFileReference; lastKnownFileType = folder.assetcatalog; path = "Preview Assets.xcassets"; sourceTree = "<group>"; };
		83D4B01B2677857800C3994A /* Info.plist */ = {isa = PBXFileReference; lastKnownFileType = text.plist.xml; path = Info.plist; sourceTree = "<group>"; };
		83D4B02226779A0900C3994A /* ListSelection.swift */ = {isa = PBXFileReference; lastKnownFileType = sourcecode.swift; path = ListSelection.swift; sourceTree = "<group>"; };
		83D4B02426779A5E00C3994A /* ListRow.swift */ = {isa = PBXFileReference; lastKnownFileType = sourcecode.swift; path = ListRow.swift; sourceTree = "<group>"; };
		83D4B02C2677A0F800C3994A /* CheckList.swift */ = {isa = PBXFileReference; lastKnownFileType = sourcecode.swift; path = CheckList.swift; sourceTree = "<group>"; };
		83D4B02E2677A95800C3994A /* ModelData.swift */ = {isa = PBXFileReference; lastKnownFileType = sourcecode.swift; path = ModelData.swift; sourceTree = "<group>"; };
/* End PBXFileReference section */

/* Begin PBXFrameworksBuildPhase section */
		83D4B00C2677857600C3994A /* Frameworks */ = {
			isa = PBXFrameworksBuildPhase;
			buildActionMask = 2147483647;
			files = (
			);
			runOnlyForDeploymentPostprocessing = 0;
		};
/* End PBXFrameworksBuildPhase section */

/* Begin PBXGroup section */
		8339EDAD2677EB97000A21C7 /* Lists */ = {
			isa = PBXGroup;
			children = (
				83D4B02226779A0900C3994A /* ListSelection.swift */,
				83D4B02426779A5E00C3994A /* ListRow.swift */,
			);
			path = Lists;
			sourceTree = "<group>";
		};
		8339EDAE2677EBA9000A21C7 /* Items */ = {
			isa = PBXGroup;
			children = (
				8339EDAB2677EAF9000A21C7 /* ItemList.swift */,
				8339EDB72678DBE7000A21C7 /* ItemInfo.swift */,
			);
			path = Items;
			sourceTree = "<group>";
		};
		83D4B0062677857600C3994A = {
			isa = PBXGroup;
			children = (
				83D4B0112677857600C3994A /* CheckLists */,
				83D4B0102677857600C3994A /* Products */,
			);
			sourceTree = "<group>";
		};
		83D4B0102677857600C3994A /* Products */ = {
			isa = PBXGroup;
			children = (
				83D4B00F2677857600C3994A /* CheckLists.app */,
			);
			name = Products;
			sourceTree = "<group>";
		};
		83D4B0112677857600C3994A /* CheckLists */ = {
			isa = PBXGroup;
			children = (
				83D4B0122677857600C3994A /* CheckListsApp.swift */,
				83D4B021267799F000C3994A /* Views */,
				83D4B02626779D2800C3994A /* Model */,
				83D4B02726779D3F00C3994A /* Resources */,
				83D4B0162677857800C3994A /* Assets.xcassets */,
				83D4B01B2677857800C3994A /* Info.plist */,
				83D4B0182677857800C3994A /* Preview Content */,
			);
			path = CheckLists;
			sourceTree = "<group>";
		};
		83D4B0182677857800C3994A /* Preview Content */ = {
			isa = PBXGroup;
			children = (
				83D4B0192677857800C3994A /* Preview Assets.xcassets */,
			);
			path = "Preview Content";
			sourceTree = "<group>";
		};
		83D4B021267799F000C3994A /* Views */ = {
			isa = PBXGroup;
			children = (
				83D4B0142677857600C3994A /* ContentView.swift */,
				8339EDAD2677EB97000A21C7 /* Lists */,
				8339EDAE2677EBA9000A21C7 /* Items */,
			);
			path = Views;
			sourceTree = "<group>";
		};
		83D4B02626779D2800C3994A /* Model */ = {
			isa = PBXGroup;
			children = (
				83D4B02C2677A0F800C3994A /* CheckList.swift */,
				83D4B02E2677A95800C3994A /* ModelData.swift */,
			);
			path = Model;
			sourceTree = "<group>";
		};
		83D4B02726779D3F00C3994A /* Resources */ = {
			isa = PBXGroup;
			children = (
				8339EDB32677EDAB000A21C7 /* ListsData.json */,
			);
			path = Resources;
			sourceTree = "<group>";
		};
/* End PBXGroup section */

/* Begin PBXNativeTarget section */
		83D4B00E2677857600C3994A /* CheckLists */ = {
			isa = PBXNativeTarget;
			buildConfigurationList = 83D4B01E2677857800C3994A /* Build configuration list for PBXNativeTarget "CheckLists" */;
			buildPhases = (
				83D4B00B2677857600C3994A /* Sources */,
				83D4B00C2677857600C3994A /* Frameworks */,
				83D4B00D2677857600C3994A /* Resources */,
			);
			buildRules = (
			);
			dependencies = (
			);
			name = CheckLists;
			productName = CheckLists;
			productReference = 83D4B00F2677857600C3994A /* CheckLists.app */;
			productType = "com.apple.product-type.application";
		};
/* End PBXNativeTarget section */

/* Begin PBXProject section */
		83D4B0072677857600C3994A /* Project object */ = {
			isa = PBXProject;
			attributes = {
				LastSwiftUpdateCheck = 1250;
				LastUpgradeCheck = 1250;
				TargetAttributes = {
					83D4B00E2677857600C3994A = {
						CreatedOnToolsVersion = 12.5;
					};
				};
			};
			buildConfigurationList = 83D4B00A2677857600C3994A /* Build configuration list for PBXProject "CheckLists" */;
			compatibilityVersion = "Xcode 9.3";
			developmentRegion = en;
			hasScannedForEncodings = 0;
			knownRegions = (
				en,
				Base,
			);
			mainGroup = 83D4B0062677857600C3994A;
			productRefGroup = 83D4B0102677857600C3994A /* Products */;
			projectDirPath = "";
			projectRoot = "";
			targets = (
				83D4B00E2677857600C3994A /* CheckLists */,
			);
		};
/* End PBXProject section */

/* Begin PBXResourcesBuildPhase section */
		83D4B00D2677857600C3994A /* Resources */ = {
			isa = PBXResourcesBuildPhase;
			buildActionMask = 2147483647;
			files = (
				83D4B01A2677857800C3994A /* Preview Assets.xcassets in Resources */,
				83D4B0172677857800C3994A /* Assets.xcassets in Resources */,
				8339EDB42677EDAB000A21C7 /* ListsData.json in Resources */,
			);
			runOnlyForDeploymentPostprocessing = 0;
		};
/* End PBXResourcesBuildPhase section */

/* Begin PBXSourcesBuildPhase section */
		83D4B00B2677857600C3994A /* Sources */ = {
			isa = PBXSourcesBuildPhase;
			buildActionMask = 2147483647;
			files = (
				83D4B02526779A5E00C3994A /* ListRow.swift in Sources */,
				83D4B0152677857600C3994A /* ContentView.swift in Sources */,
				83D4B02326779A0900C3994A /* ListSelection.swift in Sources */,
				8339EDAC2677EAF9000A21C7 /* ItemList.swift in Sources */,
				8339EDB82678DBE7000A21C7 /* ItemInfo.swift in Sources */,
				83D4B02D2677A0F800C3994A /* CheckList.swift in Sources */,
				83D4B0132677857600C3994A /* CheckListsApp.swift in Sources */,
				83D4B02F2677A95800C3994A /* ModelData.swift in Sources */,
			);
			runOnlyForDeploymentPostprocessing = 0;
		};
/* End PBXSourcesBuildPhase section */

/* Begin XCBuildConfiguration section */
		83D4B01C2677857800C3994A /* Debug */ = {
			isa = XCBuildConfiguration;
			buildSettings = {
				ALWAYS_SEARCH_USER_PATHS = NO;
				CLANG_ANALYZER_NONNULL = YES;
				CLANG_ANALYZER_NUMBER_OBJECT_CONVERSION = YES_AGGRESSIVE;
				CLANG_CXX_LANGUAGE_STANDARD = "gnu++14";
				CLANG_CXX_LIBRARY = "libc++";
				CLANG_ENABLE_MODULES = YES;
				CLANG_ENABLE_OBJC_ARC = YES;
				CLANG_ENABLE_OBJC_WEAK = YES;
				CLANG_WARN_BLOCK_CAPTURE_AUTORELEASING = YES;
				CLANG_WARN_BOOL_CONVERSION = YES;
				CLANG_WARN_COMMA = YES;
				CLANG_WARN_CONSTANT_CONVERSION = YES;
				CLANG_WARN_DEPRECATED_OBJC_IMPLEMENTATIONS = YES;
				CLANG_WARN_DIRECT_OBJC_ISA_USAGE = YES_ERROR;
				CLANG_WARN_DOCUMENTATION_COMMENTS = YES;
				CLANG_WARN_EMPTY_BODY = YES;
				CLANG_WARN_ENUM_CONVERSION = YES;
				CLANG_WARN_INFINITE_RECURSION = YES;
				CLANG_WARN_INT_CONVERSION = YES;
				CLANG_WARN_NON_LITERAL_NULL_CONVERSION = YES;
				CLANG_WARN_OBJC_IMPLICIT_RETAIN_SELF = YES;
				CLANG_WARN_OBJC_LITERAL_CONVERSION = YES;
				CLANG_WARN_OBJC_ROOT_CLASS = YES_ERROR;
				CLANG_WARN_QUOTED_INCLUDE_IN_FRAMEWORK_HEADER = YES;
				CLANG_WARN_RANGE_LOOP_ANALYSIS = YES;
				CLANG_WARN_STRICT_PROTOTYPES = YES;
				CLANG_WARN_SUSPICIOUS_MOVE = YES;
				CLANG_WARN_UNGUARDED_AVAILABILITY = YES_AGGRESSIVE;
				CLANG_WARN_UNREACHABLE_CODE = YES;
				CLANG_WARN__DUPLICATE_METHOD_MATCH = YES;
				COPY_PHASE_STRIP = NO;
				DEBUG_INFORMATION_FORMAT = dwarf;
				ENABLE_STRICT_OBJC_MSGSEND = YES;
				ENABLE_TESTABILITY = YES;
				GCC_C_LANGUAGE_STANDARD = gnu11;
				GCC_DYNAMIC_NO_PIC = NO;
				GCC_NO_COMMON_BLOCKS = YES;
				GCC_OPTIMIZATION_LEVEL = 0;
				GCC_PREPROCESSOR_DEFINITIONS = (
					"DEBUG=1",
					"$(inherited)",
				);
				GCC_WARN_64_TO_32_BIT_CONVERSION = YES;
				GCC_WARN_ABOUT_RETURN_TYPE = YES_ERROR;
				GCC_WARN_UNDECLARED_SELECTOR = YES;
				GCC_WARN_UNINITIALIZED_AUTOS = YES_AGGRESSIVE;
				GCC_WARN_UNUSED_FUNCTION = YES;
				GCC_WARN_UNUSED_VARIABLE = YES;
				IPHONEOS_DEPLOYMENT_TARGET = 14.5;
				MTL_ENABLE_DEBUG_INFO = INCLUDE_SOURCE;
				MTL_FAST_MATH = YES;
				ONLY_ACTIVE_ARCH = YES;
				SDKROOT = iphoneos;
				SWIFT_ACTIVE_COMPILATION_CONDITIONS = DEBUG;
				SWIFT_OPTIMIZATION_LEVEL = "-Onone";
			};
			name = Debug;
		};
		83D4B01D2677857800C3994A /* Release */ = {
			isa = XCBuildConfiguration;
			buildSettings = {
				ALWAYS_SEARCH_USER_PATHS = NO;
				CLANG_ANALYZER_NONNULL = YES;
				CLANG_ANALYZER_NUMBER_OBJECT_CONVERSION = YES_AGGRESSIVE;
				CLANG_CXX_LANGUAGE_STANDARD = "gnu++14";
				CLANG_CXX_LIBRARY = "libc++";
				CLANG_ENABLE_MODULES = YES;
				CLANG_ENABLE_OBJC_ARC = YES;
				CLANG_ENABLE_OBJC_WEAK = YES;
				CLANG_WARN_BLOCK_CAPTURE_AUTORELEASING = YES;
				CLANG_WARN_BOOL_CONVERSION = YES;
				CLANG_WARN_COMMA = YES;
				CLANG_WARN_CONSTANT_CONVERSION = YES;
				CLANG_WARN_DEPRECATED_OBJC_IMPLEMENTATIONS = YES;
				CLANG_WARN_DIRECT_OBJC_ISA_USAGE = YES_ERROR;
				CLANG_WARN_DOCUMENTATION_COMMENTS = YES;
				CLANG_WARN_EMPTY_BODY = YES;
				CLANG_WARN_ENUM_CONVERSION = YES;
				CLANG_WARN_INFINITE_RECURSION = YES;
				CLANG_WARN_INT_CONVERSION = YES;
				CLANG_WARN_NON_LITERAL_NULL_CONVERSION = YES;
				CLANG_WARN_OBJC_IMPLICIT_RETAIN_SELF = YES;
				CLANG_WARN_OBJC_LITERAL_CONVERSION = YES;
				CLANG_WARN_OBJC_ROOT_CLASS = YES_ERROR;
				CLANG_WARN_QUOTED_INCLUDE_IN_FRAMEWORK_HEADER = YES;
				CLANG_WARN_RANGE_LOOP_ANALYSIS = YES;
				CLANG_WARN_STRICT_PROTOTYPES = YES;
				CLANG_WARN_SUSPICIOUS_MOVE = YES;
				CLANG_WARN_UNGUARDED_AVAILABILITY = YES_AGGRESSIVE;
				CLANG_WARN_UNREACHABLE_CODE = YES;
				CLANG_WARN__DUPLICATE_METHOD_MATCH = YES;
				COPY_PHASE_STRIP = NO;
				DEBUG_INFORMATION_FORMAT = "dwarf-with-dsym";
				ENABLE_NS_ASSERTIONS = NO;
				ENABLE_STRICT_OBJC_MSGSEND = YES;
				GCC_C_LANGUAGE_STANDARD = gnu11;
				GCC_NO_COMMON_BLOCKS = YES;
				GCC_WARN_64_TO_32_BIT_CONVERSION = YES;
				GCC_WARN_ABOUT_RETURN_TYPE = YES_ERROR;
				GCC_WARN_UNDECLARED_SELECTOR = YES;
				GCC_WARN_UNINITIALIZED_AUTOS = YES_AGGRESSIVE;
				GCC_WARN_UNUSED_FUNCTION = YES;
				GCC_WARN_UNUSED_VARIABLE = YES;
				IPHONEOS_DEPLOYMENT_TARGET = 14.5;
				MTL_ENABLE_DEBUG_INFO = NO;
				MTL_FAST_MATH = YES;
				SDKROOT = iphoneos;
				SWIFT_COMPILATION_MODE = wholemodule;
				SWIFT_OPTIMIZATION_LEVEL = "-O";
				VALIDATE_PRODUCT = YES;
			};
			name = Release;
		};
		83D4B01F2677857800C3994A /* Debug */ = {
			isa = XCBuildConfiguration;
			buildSettings = {
				ASSETCATALOG_COMPILER_APPICON_NAME = AppIcon;
				ASSETCATALOG_COMPILER_GLOBAL_ACCENT_COLOR_NAME = AccentColor;
				CODE_SIGN_STYLE = Automatic;
				DEVELOPMENT_ASSET_PATHS = "\"CheckLists/Preview Content\"";
				DEVELOPMENT_TEAM = 62W399JN7W;
				ENABLE_PREVIEWS = YES;
				INFOPLIST_FILE = CheckLists/Info.plist;
				IPHONEOS_DEPLOYMENT_TARGET = 14.0;
				LD_RUNPATH_SEARCH_PATHS = (
					"$(inherited)",
					"@executable_path/Frameworks",
				);
				PRODUCT_BUNDLE_IDENTIFIER = com.arorashivoy.CheckLists;
				PRODUCT_NAME = "$(TARGET_NAME)";
				SWIFT_VERSION = 5.0;
				TARGETED_DEVICE_FAMILY = "1,2";
			};
			name = Debug;
		};
		83D4B0202677857800C3994A /* Release */ = {
			isa = XCBuildConfiguration;
			buildSettings = {
				ASSETCATALOG_COMPILER_APPICON_NAME = AppIcon;
				ASSETCATALOG_COMPILER_GLOBAL_ACCENT_COLOR_NAME = AccentColor;
				CODE_SIGN_STYLE = Automatic;
				DEVELOPMENT_ASSET_PATHS = "\"CheckLists/Preview Content\"";
				DEVELOPMENT_TEAM = 62W399JN7W;
				ENABLE_PREVIEWS = YES;
				INFOPLIST_FILE = CheckLists/Info.plist;
				IPHONEOS_DEPLOYMENT_TARGET = 14.0;
				LD_RUNPATH_SEARCH_PATHS = (
					"$(inherited)",
					"@executable_path/Frameworks",
				);
				PRODUCT_BUNDLE_IDENTIFIER = com.arorashivoy.CheckLists;
				PRODUCT_NAME = "$(TARGET_NAME)";
				SWIFT_VERSION = 5.0;
				TARGETED_DEVICE_FAMILY = "1,2";
			};
			name = Release;
		};
/* End XCBuildConfiguration section */

/* Begin XCConfigurationList section */
		83D4B00A2677857600C3994A /* Build configuration list for PBXProject "CheckLists" */ = {
			isa = XCConfigurationList;
			buildConfigurations = (
				83D4B01C2677857800C3994A /* Debug */,
				83D4B01D2677857800C3994A /* Release */,
			);
			defaultConfigurationIsVisible = 0;
			defaultConfigurationName = Release;
		};
		83D4B01E2677857800C3994A /* Build configuration list for PBXNativeTarget "CheckLists" */ = {
			isa = XCConfigurationList;
			buildConfigurations = (
				83D4B01F2677857800C3994A /* Debug */,
				83D4B0202677857800C3994A /* Release */,
			);
			defaultConfigurationIsVisible = 0;
			defaultConfigurationName = Release;
		};
/* End XCConfigurationList section */
	};
	rootObject = 83D4B0072677857600C3994A /* Project object */;
}
