// !$*UTF8*$!
{
	archiveVersion = 1;
	classes = {
	};
	objectVersion = 50;
	objects = {

/* Begin PBXBuildFile section */
		8339EDAC2677EAF9000A21C7 /* ItemList.swift in Sources */ = {isa = PBXBuildFile; fileRef = 8339EDAB2677EAF9000A21C7 /* ItemList.swift */; };
		8339EDB82678DBE7000A21C7 /* ItemInfo.swift in Sources */ = {isa = PBXBuildFile; fileRef = 8339EDB72678DBE7000A21C7 /* ItemInfo.swift */; };
		834D4FC9267DF40100F83046 /* ListHost.swift in Sources */ = {isa = PBXBuildFile; fileRef = 834D4FC8267DF40100F83046 /* ListHost.swift */; };
		834D4FCB267DF50100F83046 /* EditSelection.swift in Sources */ = {isa = PBXBuildFile; fileRef = 834D4FCA267DF50100F83046 /* EditSelection.swift */; };
		837D205A2690CF87002F9547 /* ContentView.swift in Sources */ = {isa = PBXBuildFile; fileRef = 837D20592690CF87002F9547 /* ContentView.swift */; };
		837D205C2690CF89002F9547 /* Assets.xcassets in Resources */ = {isa = PBXBuildFile; fileRef = 837D205B2690CF89002F9547 /* Assets.xcassets */; };
		837D205F2690CF89002F9547 /* Preview Assets.xcassets in Resources */ = {isa = PBXBuildFile; fileRef = 837D205E2690CF89002F9547 /* Preview Assets.xcassets */; };
		837D20652690D017002F9547 /* Color+Codable.swift in Sources */ = {isa = PBXBuildFile; fileRef = 83D0CFAD268A2C3200BD1553 /* Color+Codable.swift */; };
		837D20662690D017002F9547 /* ListSelection.swift in Sources */ = {isa = PBXBuildFile; fileRef = 83D4B02226779A0900C3994A /* ListSelection.swift */; };
		837D20682690D017002F9547 /* CheckList.swift in Sources */ = {isa = PBXBuildFile; fileRef = 83D4B02C2677A0F800C3994A /* CheckList.swift */; };
		837D20692690D017002F9547 /* ItemInfo.swift in Sources */ = {isa = PBXBuildFile; fileRef = 8339EDB72678DBE7000A21C7 /* ItemInfo.swift */; };
		837D206A2690D017002F9547 /* ModelData.swift in Sources */ = {isa = PBXBuildFile; fileRef = 83D4B02E2677A95800C3994A /* ModelData.swift */; };
		837D206B2690D017002F9547 /* CheckListsApp.swift in Sources */ = {isa = PBXBuildFile; fileRef = 83D4B0122677857600C3994A /* CheckListsApp.swift */; };
		837D206C2690D017002F9547 /* ListRow.swift in Sources */ = {isa = PBXBuildFile; fileRef = 83D4B02426779A5E00C3994A /* ListRow.swift */; };
		837D206D2690D017002F9547 /* ToggleCompleted.swift in Sources */ = {isa = PBXBuildFile; fileRef = 838754BB267A348C00E71CD7 /* ToggleCompleted.swift */; };
		837D206F2690D017002F9547 /* Assets.xcassets in Resources */ = {isa = PBXBuildFile; fileRef = 83D4B0162677857800C3994A /* Assets.xcassets */; };
		837D20722690D351002F9547 /* ListInfo.swift in Sources */ = {isa = PBXBuildFile; fileRef = 837D20712690D351002F9547 /* ListInfo.swift */; };
		838754BC267A348C00E71CD7 /* ToggleCompleted.swift in Sources */ = {isa = PBXBuildFile; fileRef = 838754BB267A348C00E71CD7 /* ToggleCompleted.swift */; };
		83BBCACF267C0BED00CB8DA6 /* ListInfo.swift in Sources */ = {isa = PBXBuildFile; fileRef = 83BBCACE267C0BED00CB8DA6 /* ListInfo.swift */; };
		83D0CFAE268A2C3200BD1553 /* Color+Codable.swift in Sources */ = {isa = PBXBuildFile; fileRef = 83D0CFAD268A2C3200BD1553 /* Color+Codable.swift */; };
		83D4B0132677857600C3994A /* CheckListsApp.swift in Sources */ = {isa = PBXBuildFile; fileRef = 83D4B0122677857600C3994A /* CheckListsApp.swift */; };
		83D4B0152677857600C3994A /* ContentView.swift in Sources */ = {isa = PBXBuildFile; fileRef = 83D4B0142677857600C3994A /* ContentView.swift */; };
		83D4B0172677857800C3994A /* Assets.xcassets in Resources */ = {isa = PBXBuildFile; fileRef = 83D4B0162677857800C3994A /* Assets.xcassets */; };
		83D4B01A2677857800C3994A /* Preview Assets.xcassets in Resources */ = {isa = PBXBuildFile; fileRef = 83D4B0192677857800C3994A /* Preview Assets.xcassets */; };
		83D4B02326779A0900C3994A /* ListSelection.swift in Sources */ = {isa = PBXBuildFile; fileRef = 83D4B02226779A0900C3994A /* ListSelection.swift */; };
		83D4B02526779A5E00C3994A /* ListRow.swift in Sources */ = {isa = PBXBuildFile; fileRef = 83D4B02426779A5E00C3994A /* ListRow.swift */; };
		83D4B02D2677A0F800C3994A /* CheckList.swift in Sources */ = {isa = PBXBuildFile; fileRef = 83D4B02C2677A0F800C3994A /* CheckList.swift */; };
		83D4B02F2677A95800C3994A /* ModelData.swift in Sources */ = {isa = PBXBuildFile; fileRef = 83D4B02E2677A95800C3994A /* ModelData.swift */; };
/* End PBXBuildFile section */

/* Begin PBXFileReference section */
		8339EDAB2677EAF9000A21C7 /* ItemList.swift */ = {isa = PBXFileReference; lastKnownFileType = sourcecode.swift; path = ItemList.swift; sourceTree = "<group>"; };
		8339EDB72678DBE7000A21C7 /* ItemInfo.swift */ = {isa = PBXFileReference; lastKnownFileType = sourcecode.swift; path = ItemInfo.swift; sourceTree = "<group>"; };
		834D4FC8267DF40100F83046 /* ListHost.swift */ = {isa = PBXFileReference; lastKnownFileType = sourcecode.swift; path = ListHost.swift; sourceTree = "<group>"; };
		834D4FCA267DF50100F83046 /* EditSelection.swift */ = {isa = PBXFileReference; lastKnownFileType = sourcecode.swift; path = EditSelection.swift; sourceTree = "<group>"; };
		837D20552690CF87002F9547 /* MacCheckLists.app */ = {isa = PBXFileReference; explicitFileType = wrapper.application; includeInIndex = 0; path = MacCheckLists.app; sourceTree = BUILT_PRODUCTS_DIR; };
		837D20592690CF87002F9547 /* ContentView.swift */ = {isa = PBXFileReference; lastKnownFileType = sourcecode.swift; path = ContentView.swift; sourceTree = "<group>"; };
		837D205B2690CF89002F9547 /* Assets.xcassets */ = {isa = PBXFileReference; lastKnownFileType = folder.assetcatalog; path = Assets.xcassets; sourceTree = "<group>"; };
		837D205E2690CF89002F9547 /* Preview Assets.xcassets */ = {isa = PBXFileReference; lastKnownFileType = folder.assetcatalog; path = "Preview Assets.xcassets"; sourceTree = "<group>"; };
		837D20602690CF89002F9547 /* Info.plist */ = {isa = PBXFileReference; lastKnownFileType = text.plist.xml; path = Info.plist; sourceTree = "<group>"; };
		837D20612690CF89002F9547 /* MacCheckLists.entitlements */ = {isa = PBXFileReference; lastKnownFileType = text.plist.entitlements; path = MacCheckLists.entitlements; sourceTree = "<group>"; };
		837D20712690D351002F9547 /* ListInfo.swift */ = {isa = PBXFileReference; lastKnownFileType = sourcecode.swift; path = ListInfo.swift; sourceTree = "<group>"; };
		838754BB267A348C00E71CD7 /* ToggleCompleted.swift */ = {isa = PBXFileReference; lastKnownFileType = sourcecode.swift; path = ToggleCompleted.swift; sourceTree = "<group>"; };
		83BBCACE267C0BED00CB8DA6 /* ListInfo.swift */ = {isa = PBXFileReference; lastKnownFileType = sourcecode.swift; path = ListInfo.swift; sourceTree = "<group>"; };
		83D0CFAD268A2C3200BD1553 /* Color+Codable.swift */ = {isa = PBXFileReference; fileEncoding = 4; lastKnownFileType = sourcecode.swift; path = "Color+Codable.swift"; sourceTree = "<group>"; };
		83D4B00F2677857600C3994A /* CheckLists.app */ = {isa = PBXFileReference; explicitFileType = wrapper.application; includeInIndex = 0; path = CheckLists.app; sourceTree = BUILT_PRODUCTS_DIR; };
		83D4B0122677857600C3994A /* CheckListsApp.swift */ = {isa = PBXFileReference; lastKnownFileType = sourcecode.swift; path = CheckListsApp.swift; sourceTree = "<group>"; };
		83D4B0142677857600C3994A /* ContentView.swift */ = {isa = PBXFileReference; lastKnownFileType = sourcecode.swift; path = ContentView.swift; sourceTree = "<group>"; };
		83D4B0162677857800C3994A /* Assets.xcassets */ = {isa = PBXFileReference; lastKnownFileType = folder.assetcatalog; path = Assets.xcassets; sourceTree = "<group>"; };
		83D4B0192677857800C3994A /* Preview Assets.xcassets */ = {isa = PBXFileReference; lastKnownFileType = folder.assetcatalog; path = "Preview Assets.xcassets"; sourceTree = "<group>"; };
		83D4B01B2677857800C3994A /* Info.plist */ = {isa = PBXFileReference; lastKnownFileType = text.plist.xml; path = Info.plist; sourceTree = "<group>"; };
		83D4B02226779A0900C3994A /* ListSelection.swift */ = {isa = PBXFileReference; lastKnownFileType = sourcecode.swift; path = ListSelection.swift; sourceTree = "<group>"; };
		83D4B02426779A5E00C3994A /* ListRow.swift */ = {isa = PBXFileReference; lastKnownFileType = sourcecode.swift; path = ListRow.swift; sourceTree = "<group>"; };
		83D4B02C2677A0F800C3994A /* CheckList.swift */ = {isa = PBXFileReference; lastKnownFileType = sourcecode.swift; path = CheckList.swift; sourceTree = "<group>"; };
		83D4B02E2677A95800C3994A /* ModelData.swift */ = {isa = PBXFileReference; lastKnownFileType = sourcecode.swift; path = ModelData.swift; sourceTree = "<group>"; };
/* End PBXFileReference section */

/* Begin PBXFrameworksBuildPhase section */
		837D20522690CF87002F9547 /* Frameworks */ = {
			isa = PBXFrameworksBuildPhase;
			buildActionMask = 2147483647;
			files = (
			);
			runOnlyForDeploymentPostprocessing = 0;
		};
		83D4B00C2677857600C3994A /* Frameworks */ = {
			isa = PBXFrameworksBuildPhase;
			buildActionMask = 2147483647;
			files = (
			);
			runOnlyForDeploymentPostprocessing = 0;
		};
/* End PBXFrameworksBuildPhase section */

/* Begin PBXGroup section */
		8339EDAD2677EB97000A21C7 /* Lists */ = {
			isa = PBXGroup;
			children = (
				83D4B02226779A0900C3994A /* ListSelection.swift */,
				83D4B02426779A5E00C3994A /* ListRow.swift */,
				83BBCACE267C0BED00CB8DA6 /* ListInfo.swift */,
				834D4FC8267DF40100F83046 /* ListHost.swift */,
				834D4FCA267DF50100F83046 /* EditSelection.swift */,
			);
			path = Lists;
			sourceTree = "<group>";
		};
		8339EDAE2677EBA9000A21C7 /* Items */ = {
			isa = PBXGroup;
			children = (
				8339EDAB2677EAF9000A21C7 /* ItemList.swift */,
				8339EDB72678DBE7000A21C7 /* ItemInfo.swift */,
			);
			path = Items;
			sourceTree = "<group>";
		};
		837D20562690CF87002F9547 /* MacCheckLists */ = {
			isa = PBXGroup;
			children = (
				837D20592690CF87002F9547 /* ContentView.swift */,
				837D20712690D351002F9547 /* ListInfo.swift */,
				837D205B2690CF89002F9547 /* Assets.xcassets */,
				837D20602690CF89002F9547 /* Info.plist */,
				837D20612690CF89002F9547 /* MacCheckLists.entitlements */,
				837D205D2690CF89002F9547 /* Preview Content */,
			);
			path = MacCheckLists;
			sourceTree = "<group>";
		};
		837D205D2690CF89002F9547 /* Preview Content */ = {
			isa = PBXGroup;
			children = (
				837D205E2690CF89002F9547 /* Preview Assets.xcassets */,
			);
			path = "Preview Content";
			sourceTree = "<group>";
		};
		838754BD267A349400E71CD7 /* Helpers */ = {
			isa = PBXGroup;
			children = (
				838754BB267A348C00E71CD7 /* ToggleCompleted.swift */,
			);
			path = Helpers;
			sourceTree = "<group>";
		};
		83D4B0062677857600C3994A = {
			isa = PBXGroup;
			children = (
				83D4B0112677857600C3994A /* CheckLists */,
				837D20562690CF87002F9547 /* MacCheckLists */,
				83D4B0102677857600C3994A /* Products */,
			);
			sourceTree = "<group>";
		};
		83D4B0102677857600C3994A /* Products */ = {
			isa = PBXGroup;
			children = (
				83D4B00F2677857600C3994A /* CheckLists.app */,
				837D20552690CF87002F9547 /* MacCheckLists.app */,
			);
			name = Products;
			sourceTree = "<group>";
		};
		83D4B0112677857600C3994A /* CheckLists */ = {
			isa = PBXGroup;
			children = (
				83D4B0122677857600C3994A /* CheckListsApp.swift */,
				83D4B021267799F000C3994A /* Views */,
				83D4B02626779D2800C3994A /* Model */,
				83D4B0162677857800C3994A /* Assets.xcassets */,
				83D4B01B2677857800C3994A /* Info.plist */,
				83D4B0182677857800C3994A /* Preview Content */,
			);
			path = CheckLists;
			sourceTree = "<group>";
		};
		83D4B0182677857800C3994A /* Preview Content */ = {
			isa = PBXGroup;
			children = (
				83D4B0192677857800C3994A /* Preview Assets.xcassets */,
			);
			path = "Preview Content";
			sourceTree = "<group>";
		};
		83D4B021267799F000C3994A /* Views */ = {
			isa = PBXGroup;
			children = (
				83D4B0142677857600C3994A /* ContentView.swift */,
				8339EDAD2677EB97000A21C7 /* Lists */,
				8339EDAE2677EBA9000A21C7 /* Items */,
				838754BD267A349400E71CD7 /* Helpers */,
			);
			path = Views;
			sourceTree = "<group>";
		};
		83D4B02626779D2800C3994A /* Model */ = {
			isa = PBXGroup;
			children = (
				83D0CFAD268A2C3200BD1553 /* Color+Codable.swift */,
				83D4B02C2677A0F800C3994A /* CheckList.swift */,
				83D4B02E2677A95800C3994A /* ModelData.swift */,
			);
			path = Model;
			sourceTree = "<group>";
		};
/* End PBXGroup section */

/* Begin PBXNativeTarget section */
		837D20542690CF87002F9547 /* MacCheckLists */ = {
			isa = PBXNativeTarget;
			buildConfigurationList = 837D20642690CF89002F9547 /* Build configuration list for PBXNativeTarget "MacCheckLists" */;
			buildPhases = (
				837D20512690CF87002F9547 /* Sources */,
				837D20522690CF87002F9547 /* Frameworks */,
				837D20532690CF87002F9547 /* Resources */,
			);
			buildRules = (
			);
			dependencies = (
			);
			name = MacCheckLists;
			productName = MacCheckLists;
			productReference = 837D20552690CF87002F9547 /* MacCheckLists.app */;
			productType = "com.apple.product-type.application";
		};
		83D4B00E2677857600C3994A /* CheckLists */ = {
			isa = PBXNativeTarget;
			buildConfigurationList = 83D4B01E2677857800C3994A /* Build configuration list for PBXNativeTarget "CheckLists" */;
			buildPhases = (
				83D4B00B2677857600C3994A /* Sources */,
				83D4B00C2677857600C3994A /* Frameworks */,
				83D4B00D2677857600C3994A /* Resources */,
			);
			buildRules = (
			);
			dependencies = (
			);
			name = CheckLists;
			productName = CheckLists;
			productReference = 83D4B00F2677857600C3994A /* CheckLists.app */;
			productType = "com.apple.product-type.application";
		};
/* End PBXNativeTarget section */

/* Begin PBXProject section */
		83D4B0072677857600C3994A /* Project object */ = {
			isa = PBXProject;
			attributes = {
				LastSwiftUpdateCheck = 1250;
				LastUpgradeCheck = 1250;
				TargetAttributes = {
					837D20542690CF87002F9547 = {
						CreatedOnToolsVersion = 12.5.1;
					};
					83D4B00E2677857600C3994A = {
						CreatedOnToolsVersion = 12.5;
					};
				};
			};
			buildConfigurationList = 83D4B00A2677857600C3994A /* Build configuration list for PBXProject "CheckLists" */;
			compatibilityVersion = "Xcode 9.3";
			developmentRegion = en;
			hasScannedForEncodings = 0;
			knownRegions = (
				en,
				Base,
			);
			mainGroup = 83D4B0062677857600C3994A;
			productRefGroup = 83D4B0102677857600C3994A /* Products */;
			projectDirPath = "";
			projectRoot = "";
			targets = (
				83D4B00E2677857600C3994A /* CheckLists */,
				837D20542690CF87002F9547 /* MacCheckLists */,
			);
		};
/* End PBXProject section */

/* Begin PBXResourcesBuildPhase section */
		837D20532690CF87002F9547 /* Resources */ = {
			isa = PBXResourcesBuildPhase;
			buildActionMask = 2147483647;
			files = (
				837D205F2690CF89002F9547 /* Preview Assets.xcassets in Resources */,
				837D206F2690D017002F9547 /* Assets.xcassets in Resources */,
				837D205C2690CF89002F9547 /* Assets.xcassets in Resources */,
			);
			runOnlyForDeploymentPostprocessing = 0;
		};
		83D4B00D2677857600C3994A /* Resources */ = {
			isa = PBXResourcesBuildPhase;
			buildActionMask = 2147483647;
			files = (
				83D4B01A2677857800C3994A /* Preview Assets.xcassets in Resources */,
				83D4B0172677857800C3994A /* Assets.xcassets in Resources */,
			);
			runOnlyForDeploymentPostprocessing = 0;
		};
/* End PBXResourcesBuildPhase section */

/* Begin PBXSourcesBuildPhase section */
		837D20512690CF87002F9547 /* Sources */ = {
			isa = PBXSourcesBuildPhase;
			buildActionMask = 2147483647;
			files = (
				837D20722690D351002F9547 /* ListInfo.swift in Sources */,
				837D20652690D017002F9547 /* Color+Codable.swift in Sources */,
				837D20662690D017002F9547 /* ListSelection.swift in Sources */,
				837D20682690D017002F9547 /* CheckList.swift in Sources */,
				837D206B2690D017002F9547 /* CheckListsApp.swift in Sources */,
				837D206D2690D017002F9547 /* ToggleCompleted.swift in Sources */,
				837D20692690D017002F9547 /* ItemInfo.swift in Sources */,
				837D205A2690CF87002F9547 /* ContentView.swift in Sources */,
				837D206A2690D017002F9547 /* ModelData.swift in Sources */,
				837D206C2690D017002F9547 /* ListRow.swift in Sources */,
			);
			runOnlyForDeploymentPostprocessing = 0;
		};
		83D4B00B2677857600C3994A /* Sources */ = {
			isa = PBXSourcesBuildPhase;
			buildActionMask = 2147483647;
			files = (
				83BBCACF267C0BED00CB8DA6 /* ListInfo.swift in Sources */,
				83D4B02526779A5E00C3994A /* ListRow.swift in Sources */,
				83D4B0152677857600C3994A /* ContentView.swift in Sources */,
				834D4FC9267DF40100F83046 /* ListHost.swift in Sources */,
				83D4B02326779A0900C3994A /* ListSelection.swift in Sources */,
				8339EDAC2677EAF9000A21C7 /* ItemList.swift in Sources */,
				838754BC267A348C00E71CD7 /* ToggleCompleted.swift in Sources */,
				8339EDB82678DBE7000A21C7 /* ItemInfo.swift in Sources */,
				83D4B02D2677A0F800C3994A /* CheckList.swift in Sources */,
				834D4FCB267DF50100F83046 /* EditSelection.swift in Sources */,
				83D4B0132677857600C3994A /* CheckListsApp.swift in Sources */,
				83D0CFAE268A2C3200BD1553 /* Color+Codable.swift in Sources */,
				83D4B02F2677A95800C3994A /* ModelData.swift in Sources */,
			);
			runOnlyForDeploymentPostprocessing = 0;
		};
/* End PBXSourcesBuildPhase section */

/* Begin XCBuildConfiguration section */
		837D20622690CF89002F9547 /* Debug */ = {
			isa = XCBuildConfiguration;
			buildSettings = {
				ASSETCATALOG_COMPILER_APPICON_NAME = AppIcon;
				ASSETCATALOG_COMPILER_GLOBAL_ACCENT_COLOR_NAME = AccentColor;
				CODE_SIGN_ENTITLEMENTS = MacCheckLists/MacCheckLists.entitlements;
				CODE_SIGN_STYLE = Automatic;
				COMBINE_HIDPI_IMAGES = YES;
				DEVELOPMENT_ASSET_PATHS = "\"MacCheckLists/Preview Content\"";
				DEVELOPMENT_TEAM = 62W399JN7W;
				ENABLE_HARDENED_RUNTIME = YES;
				ENABLE_PREVIEWS = YES;
				INFOPLIST_FILE = MacCheckLists/Info.plist;
				LD_RUNPATH_SEARCH_PATHS = (
					"$(inherited)",
					"@executable_path/../Frameworks",
				);
				MACOSX_DEPLOYMENT_TARGET = 11.3;
				PRODUCT_BUNDLE_IDENTIFIER = com.arorashivoy.MacCheckLists;
				PRODUCT_NAME = "$(TARGET_NAME)";
				SDKROOT = macosx;
				SWIFT_VERSION = 5.0;
			};
			name = Debug;
		};
		837D20632690CF89002F9547 /* Release */ = {
			isa = XCBuildConfiguration;
			buildSettings = {
				ASSETCATALOG_COMPILER_APPICON_NAME = AppIcon;
				ASSETCATALOG_COMPILER_GLOBAL_ACCENT_COLOR_NAME = AccentColor;
				CODE_SIGN_ENTITLEMENTS = MacCheckLists/MacCheckLists.entitlements;
				CODE_SIGN_STYLE = Automatic;
				COMBINE_HIDPI_IMAGES = YES;
				DEVELOPMENT_ASSET_PATHS = "\"MacCheckLists/Preview Content\"";
				DEVELOPMENT_TEAM = 62W399JN7W;
				ENABLE_HARDENED_RUNTIME = YES;
				ENABLE_PREVIEWS = YES;
				INFOPLIST_FILE = MacCheckLists/Info.plist;
				LD_RUNPATH_SEARCH_PATHS = (
					"$(inherited)",
					"@executable_path/../Frameworks",
				);
				MACOSX_DEPLOYMENT_TARGET = 11.3;
				PRODUCT_BUNDLE_IDENTIFIER = com.arorashivoy.MacCheckLists;
				PRODUCT_NAME = "$(TARGET_NAME)";
				SDKROOT = macosx;
				SWIFT_VERSION = 5.0;
			};
			name = Release;
		};
		83D4B01C2677857800C3994A /* Debug */ = {
			isa = XCBuildConfiguration;
			buildSettings = {
				ALWAYS_SEARCH_USER_PATHS = NO;
				CLANG_ANALYZER_NONNULL = YES;
				CLANG_ANALYZER_NUMBER_OBJECT_CONVERSION = YES_AGGRESSIVE;
				CLANG_CXX_LANGUAGE_STANDARD = "gnu++14";
				CLANG_CXX_LIBRARY = "libc++";
				CLANG_ENABLE_MODULES = YES;
				CLANG_ENABLE_OBJC_ARC = YES;
				CLANG_ENABLE_OBJC_WEAK = YES;
				CLANG_WARN_BLOCK_CAPTURE_AUTORELEASING = YES;
				CLANG_WARN_BOOL_CONVERSION = YES;
				CLANG_WARN_COMMA = YES;
				CLANG_WARN_CONSTANT_CONVERSION = YES;
				CLANG_WARN_DEPRECATED_OBJC_IMPLEMENTATIONS = YES;
				CLANG_WARN_DIRECT_OBJC_ISA_USAGE = YES_ERROR;
				CLANG_WARN_DOCUMENTATION_COMMENTS = YES;
				CLANG_WARN_EMPTY_BODY = YES;
				CLANG_WARN_ENUM_CONVERSION = YES;
				CLANG_WARN_INFINITE_RECURSION = YES;
				CLANG_WARN_INT_CONVERSION = YES;
				CLANG_WARN_NON_LITERAL_NULL_CONVERSION = YES;
				CLANG_WARN_OBJC_IMPLICIT_RETAIN_SELF = YES;
				CLANG_WARN_OBJC_LITERAL_CONVERSION = YES;
				CLANG_WARN_OBJC_ROOT_CLASS = YES_ERROR;
				CLANG_WARN_QUOTED_INCLUDE_IN_FRAMEWORK_HEADER = YES;
				CLANG_WARN_RANGE_LOOP_ANALYSIS = YES;
				CLANG_WARN_STRICT_PROTOTYPES = YES;
				CLANG_WARN_SUSPICIOUS_MOVE = YES;
				CLANG_WARN_UNGUARDED_AVAILABILITY = YES_AGGRESSIVE;
				CLANG_WARN_UNREACHABLE_CODE = YES;
				CLANG_WARN__DUPLICATE_METHOD_MATCH = YES;
				COPY_PHASE_STRIP = NO;
				DEBUG_INFORMATION_FORMAT = dwarf;
				ENABLE_STRICT_OBJC_MSGSEND = YES;
				ENABLE_TESTABILITY = YES;
				GCC_C_LANGUAGE_STANDARD = gnu11;
				GCC_DYNAMIC_NO_PIC = NO;
				GCC_NO_COMMON_BLOCKS = YES;
				GCC_OPTIMIZATION_LEVEL = 0;
				GCC_PREPROCESSOR_DEFINITIONS = (
					"DEBUG=1",
					"$(inherited)",
				);
				GCC_WARN_64_TO_32_BIT_CONVERSION = YES;
				GCC_WARN_ABOUT_RETURN_TYPE = YES_ERROR;
				GCC_WARN_UNDECLARED_SELECTOR = YES;
				GCC_WARN_UNINITIALIZED_AUTOS = YES_AGGRESSIVE;
				GCC_WARN_UNUSED_FUNCTION = YES;
				GCC_WARN_UNUSED_VARIABLE = YES;
				IPHONEOS_DEPLOYMENT_TARGET = 14.5;
				MTL_ENABLE_DEBUG_INFO = INCLUDE_SOURCE;
				MTL_FAST_MATH = YES;
				ONLY_ACTIVE_ARCH = YES;
				SDKROOT = iphoneos;
				SWIFT_ACTIVE_COMPILATION_CONDITIONS = DEBUG;
				SWIFT_OPTIMIZATION_LEVEL = "-Onone";
			};
			name = Debug;
		};
		83D4B01D2677857800C3994A /* Release */ = {
			isa = XCBuildConfiguration;
			buildSettings = {
				ALWAYS_SEARCH_USER_PATHS = NO;
				CLANG_ANALYZER_NONNULL = YES;
				CLANG_ANALYZER_NUMBER_OBJECT_CONVERSION = YES_AGGRESSIVE;
				CLANG_CXX_LANGUAGE_STANDARD = "gnu++14";
				CLANG_CXX_LIBRARY = "libc++";
				CLANG_ENABLE_MODULES = YES;
				CLANG_ENABLE_OBJC_ARC = YES;
				CLANG_ENABLE_OBJC_WEAK = YES;
				CLANG_WARN_BLOCK_CAPTURE_AUTORELEASING = YES;
				CLANG_WARN_BOOL_CONVERSION = YES;
				CLANG_WARN_COMMA = YES;
				CLANG_WARN_CONSTANT_CONVERSION = YES;
				CLANG_WARN_DEPRECATED_OBJC_IMPLEMENTATIONS = YES;
				CLANG_WARN_DIRECT_OBJC_ISA_USAGE = YES_ERROR;
				CLANG_WARN_DOCUMENTATION_COMMENTS = YES;
				CLANG_WARN_EMPTY_BODY = YES;
				CLANG_WARN_ENUM_CONVERSION = YES;
				CLANG_WARN_INFINITE_RECURSION = YES;
				CLANG_WARN_INT_CONVERSION = YES;
				CLANG_WARN_NON_LITERAL_NULL_CONVERSION = YES;
				CLANG_WARN_OBJC_IMPLICIT_RETAIN_SELF = YES;
				CLANG_WARN_OBJC_LITERAL_CONVERSION = YES;
				CLANG_WARN_OBJC_ROOT_CLASS = YES_ERROR;
				CLANG_WARN_QUOTED_INCLUDE_IN_FRAMEWORK_HEADER = YES;
				CLANG_WARN_RANGE_LOOP_ANALYSIS = YES;
				CLANG_WARN_STRICT_PROTOTYPES = YES;
				CLANG_WARN_SUSPICIOUS_MOVE = YES;
				CLANG_WARN_UNGUARDED_AVAILABILITY = YES_AGGRESSIVE;
				CLANG_WARN_UNREACHABLE_CODE = YES;
				CLANG_WARN__DUPLICATE_METHOD_MATCH = YES;
				COPY_PHASE_STRIP = NO;
				DEBUG_INFORMATION_FORMAT = "dwarf-with-dsym";
				ENABLE_NS_ASSERTIONS = NO;
				ENABLE_STRICT_OBJC_MSGSEND = YES;
				GCC_C_LANGUAGE_STANDARD = gnu11;
				GCC_NO_COMMON_BLOCKS = YES;
				GCC_WARN_64_TO_32_BIT_CONVERSION = YES;
				GCC_WARN_ABOUT_RETURN_TYPE = YES_ERROR;
				GCC_WARN_UNDECLARED_SELECTOR = YES;
				GCC_WARN_UNINITIALIZED_AUTOS = YES_AGGRESSIVE;
				GCC_WARN_UNUSED_FUNCTION = YES;
				GCC_WARN_UNUSED_VARIABLE = YES;
				IPHONEOS_DEPLOYMENT_TARGET = 14.5;
				MTL_ENABLE_DEBUG_INFO = NO;
				MTL_FAST_MATH = YES;
				SDKROOT = iphoneos;
				SWIFT_COMPILATION_MODE = wholemodule;
				SWIFT_OPTIMIZATION_LEVEL = "-O";
				VALIDATE_PRODUCT = YES;
			};
			name = Release;
		};
		83D4B01F2677857800C3994A /* Debug */ = {
			isa = XCBuildConfiguration;
			buildSettings = {
				ASSETCATALOG_COMPILER_APPICON_NAME = AppIcon;
				ASSETCATALOG_COMPILER_GLOBAL_ACCENT_COLOR_NAME = AccentColor;
				CODE_SIGN_STYLE = Automatic;
				DEVELOPMENT_ASSET_PATHS = "\"CheckLists/Preview Content\"";
				DEVELOPMENT_TEAM = 62W399JN7W;
				ENABLE_PREVIEWS = YES;
				INFOPLIST_FILE = CheckLists/Info.plist;
				IPHONEOS_DEPLOYMENT_TARGET = 14.0;
				LD_RUNPATH_SEARCH_PATHS = (
					"$(inherited)",
					"@executable_path/Frameworks",
				);
				PRODUCT_BUNDLE_IDENTIFIER = com.arorashivoy.CheckLists;
				PRODUCT_NAME = "$(TARGET_NAME)";
				SWIFT_VERSION = 5.0;
				TARGETED_DEVICE_FAMILY = "1,2";
			};
			name = Debug;
		};
		83D4B0202677857800C3994A /* Release */ = {
			isa = XCBuildConfiguration;
			buildSettings = {
				ASSETCATALOG_COMPILER_APPICON_NAME = AppIcon;
				ASSETCATALOG_COMPILER_GLOBAL_ACCENT_COLOR_NAME = AccentColor;
				CODE_SIGN_STYLE = Automatic;
				DEVELOPMENT_ASSET_PATHS = "\"CheckLists/Preview Content\"";
				DEVELOPMENT_TEAM = 62W399JN7W;
				ENABLE_PREVIEWS = YES;
				INFOPLIST_FILE = CheckLists/Info.plist;
				IPHONEOS_DEPLOYMENT_TARGET = 14.0;
				LD_RUNPATH_SEARCH_PATHS = (
					"$(inherited)",
					"@executable_path/Frameworks",
				);
				PRODUCT_BUNDLE_IDENTIFIER = com.arorashivoy.CheckLists;
				PRODUCT_NAME = "$(TARGET_NAME)";
				SWIFT_VERSION = 5.0;
				TARGETED_DEVICE_FAMILY = "1,2";
			};
			name = Release;
		};
/* End XCBuildConfiguration section */

/* Begin XCConfigurationList section */
		837D20642690CF89002F9547 /* Build configuration list for PBXNativeTarget "MacCheckLists" */ = {
			isa = XCConfigurationList;
			buildConfigurations = (
				837D20622690CF89002F9547 /* Debug */,
				837D20632690CF89002F9547 /* Release */,
			);
			defaultConfigurationIsVisible = 0;
			defaultConfigurationName = Release;
		};
		83D4B00A2677857600C3994A /* Build configuration list for PBXProject "CheckLists" */ = {
			isa = XCConfigurationList;
			buildConfigurations = (
				83D4B01C2677857800C3994A /* Debug */,
				83D4B01D2677857800C3994A /* Release */,
			);
			defaultConfigurationIsVisible = 0;
			defaultConfigurationName = Release;
		};
		83D4B01E2677857800C3994A /* Build configuration list for PBXNativeTarget "CheckLists" */ = {
			isa = XCConfigurationList;
			buildConfigurations = (
				83D4B01F2677857800C3994A /* Debug */,
				83D4B0202677857800C3994A /* Release */,
			);
			defaultConfigurationIsVisible = 0;
			defaultConfigurationName = Release;
		};
/* End XCConfigurationList section */
	};
	rootObject = 83D4B0072677857600C3994A /* Project object */;
}
