// !$*UTF8*$!
{
	archiveVersion = 1;
	classes = {
	};
	objectVersion = 52;
	objects = {

/* Begin PBXBuildFile section */
		8303EAE626B15AB90026E279 /* ItemListToolBar.swift in Sources */ = {isa = PBXBuildFile; fileRef = 8303EAE526B15AB90026E279 /* ItemListToolBar.swift */; };
		83132B5326BB112300E4EE5A /* DeleteList.swift in Sources */ = {isa = PBXBuildFile; fileRef = 83132B5226BB112300E4EE5A /* DeleteList.swift */; };
		8313919426E01C8400C1B348 /* iPhone-Note-SMS.m4r in Resources */ = {isa = PBXBuildFile; fileRef = 8313919326E01C8400C1B348 /* iPhone-Note-SMS.m4r */; };
		8313919726E01CB000C1B348 /* mixkit-achievement-bell-600.wav in Resources */ = {isa = PBXBuildFile; fileRef = 8313919626E01CB000C1B348 /* mixkit-achievement-bell-600.wav */; };
		8313919926E01CC500C1B348 /* mixkit-bell-notification-933.wav in Resources */ = {isa = PBXBuildFile; fileRef = 8313919826E01CC500C1B348 /* mixkit-bell-notification-933.wav */; };
		8313919B26E01CD100C1B348 /* mixkit-bells-of-mystery-581.wav in Resources */ = {isa = PBXBuildFile; fileRef = 8313919A26E01CD100C1B348 /* mixkit-bells-of-mystery-581.wav */; };
		8313919D26E01CDE00C1B348 /* mixkit-correct-answer-reward-952.wav in Resources */ = {isa = PBXBuildFile; fileRef = 8313919C26E01CDE00C1B348 /* mixkit-correct-answer-reward-952.wav */; };
		8313919F26E01CEB00C1B348 /* mixkit-dance-with-me-3.mp3 in Resources */ = {isa = PBXBuildFile; fileRef = 8313919E26E01CEB00C1B348 /* mixkit-dance-with-me-3.mp3 */; };
		831391A126E01CF300C1B348 /* mixkit-dreaming-big-31.mp3 in Resources */ = {isa = PBXBuildFile; fileRef = 831391A026E01CF300C1B348 /* mixkit-dreaming-big-31.mp3 */; };
		831391A326E01CFD00C1B348 /* mixkit-happy-bells-notification-937.wav in Resources */ = {isa = PBXBuildFile; fileRef = 831391A226E01CFD00C1B348 /* mixkit-happy-bells-notification-937.wav */; };
		831391A526E01D0700C1B348 /* mixkit-home-standard-ding-dong-109.wav in Resources */ = {isa = PBXBuildFile; fileRef = 831391A426E01D0700C1B348 /* mixkit-home-standard-ding-dong-109.wav */; };
		831391A726E01D1700C1B348 /* mixkit-musical-reveal-961.wav in Resources */ = {isa = PBXBuildFile; fileRef = 831391A626E01D1700C1B348 /* mixkit-musical-reveal-961.wav */; };
		831391A926E01D2900C1B348 /* mixkit-raising-me-higher-34.mp3 in Resources */ = {isa = PBXBuildFile; fileRef = 831391A826E01D2900C1B348 /* mixkit-raising-me-higher-34.mp3 */; };
		831391AB26E01D3300C1B348 /* mixkit-retro-game-emergency-alarm-1000.wav in Resources */ = {isa = PBXBuildFile; fileRef = 831391AA26E01D3300C1B348 /* mixkit-retro-game-emergency-alarm-1000.wav */; };
		831391AD26E01D3F00C1B348 /* mixkit-school-calling-bell-580.wav in Resources */ = {isa = PBXBuildFile; fileRef = 831391AC26E01D3F00C1B348 /* mixkit-school-calling-bell-580.wav */; };
		831391AF26E0214A00C1B348 /* AlarmPicker.swift in Sources */ = {isa = PBXBuildFile; fileRef = 831391AE26E0214A00C1B348 /* AlarmPicker.swift */; };
		831890B426B5710D0053E4A4 /* DeleteItem.swift in Sources */ = {isa = PBXBuildFile; fileRef = 831890B326B5710D0053E4A4 /* DeleteItem.swift */; };
		831890B626B59C3C0053E4A4 /* NotificationPermission.swift in Sources */ = {isa = PBXBuildFile; fileRef = 831890B526B59C3C0053E4A4 /* NotificationPermission.swift */; };
		831890B926B5A2CB0053E4A4 /* Lottie in Frameworks */ = {isa = PBXBuildFile; productRef = 831890B826B5A2CB0053E4A4 /* Lottie */; };
		831890BE26B5A5E80053E4A4 /* LottieView.swift in Sources */ = {isa = PBXBuildFile; fileRef = 831890BD26B5A5E80053E4A4 /* LottieView.swift */; };
		831890C026B5AC5D0053E4A4 /* NotificationBell.json in Resources */ = {isa = PBXBuildFile; fileRef = 831890BF26B5AC5D0053E4A4 /* NotificationBell.json */; };
		8339EDAC2677EAF9000A21C7 /* ItemList.swift in Sources */ = {isa = PBXBuildFile; fileRef = 8339EDAB2677EAF9000A21C7 /* ItemList.swift */; };
		8339EDB82678DBE7000A21C7 /* ItemInfo.swift in Sources */ = {isa = PBXBuildFile; fileRef = 8339EDB72678DBE7000A21C7 /* ItemInfo.swift */; };
		833F1F4726CDD8DE00CB506D /* ImagePicker.swift in Sources */ = {isa = PBXBuildFile; fileRef = 833F1F4626CDD8DE00CB506D /* ImagePicker.swift */; };
		8343625C26C987EA00792B8C /* ListDescription.swift in Sources */ = {isa = PBXBuildFile; fileRef = 8343625B26C987EA00792B8C /* ListDescription.swift */; };
		834E95A426E36B920003682A /* AudioPlayer.swift in Sources */ = {isa = PBXBuildFile; fileRef = 834E95A326E36B920003682A /* AudioPlayer.swift */; };
		83536C3C26E6A130009AFCAC /* mixkit-oh-779.mp3 in Resources */ = {isa = PBXBuildFile; fileRef = 83536C3B26E6A130009AFCAC /* mixkit-oh-779.mp3 */; };
		83536C3E26E6A206009AFCAC /* mixkit-life-is-a-dream-837.mp3 in Resources */ = {isa = PBXBuildFile; fileRef = 83536C3D26E6A206009AFCAC /* mixkit-life-is-a-dream-837.mp3 */; };
		83536C3F26E6A578009AFCAC /* SettingsView.swift in Sources */ = {isa = PBXBuildFile; fileRef = 8313919026DFFA4500C1B348 /* SettingsView.swift */; };
		8354BAE426C0AA8200F69DA5 /* AddInfoButton.swift in Sources */ = {isa = PBXBuildFile; fileRef = 8354BAE326C0AA8200F69DA5 /* AddInfoButton.swift */; };
		8362ECCB26DC52B9004A874D /* README.md in Resources */ = {isa = PBXBuildFile; fileRef = 8362ECCA26DC52B8004A874D /* README.md */; };
		837FAE2D26E5F85E009ADA43 /* ViewOnGithub.swift in Sources */ = {isa = PBXBuildFile; fileRef = 837FAE2C26E5F85E009ADA43 /* ViewOnGithub.swift */; };
		837FAE3726E68EAB009ADA43 /* mixkit-marimba-waiting-ringtone-1360.wav in Resources */ = {isa = PBXBuildFile; fileRef = 837FAE2E26E68EAB009ADA43 /* mixkit-marimba-waiting-ringtone-1360.wav */; };
		837FAE3826E68EAB009ADA43 /* mixkit-retro-game-notification-212.wav in Resources */ = {isa = PBXBuildFile; fileRef = 837FAE2F26E68EAB009ADA43 /* mixkit-retro-game-notification-212.wav */; };
		837FAE3926E68EAB009ADA43 /* mixkit-woosh-wind-1168.wav in Resources */ = {isa = PBXBuildFile; fileRef = 837FAE3026E68EAB009ADA43 /* mixkit-woosh-wind-1168.wav */; };
		837FAE3A26E68EAB009ADA43 /* mixkit-little-birds-singing-in-the-trees-17.mp3 in Resources */ = {isa = PBXBuildFile; fileRef = 837FAE3126E68EAB009ADA43 /* mixkit-little-birds-singing-in-the-trees-17.mp3 */; };
		837FAE3B26E68EAB009ADA43 /* mixkit-game-show-suspense-waiting-667.wav in Resources */ = {isa = PBXBuildFile; fileRef = 837FAE3226E68EAB009ADA43 /* mixkit-game-show-suspense-waiting-667.wav */; };
		837FAE3C26E68EAB009ADA43 /* mixkit-light-rain-loop-2393.mp3 in Resources */ = {isa = PBXBuildFile; fileRef = 837FAE3326E68EAB009ADA43 /* mixkit-light-rain-loop-2393.mp3 */; };
		837FAE3D26E68EAB009ADA43 /* mixkit-vintage-telephone-ringtone-1356.wav in Resources */ = {isa = PBXBuildFile; fileRef = 837FAE3426E68EAB009ADA43 /* mixkit-vintage-telephone-ringtone-1356.wav */; };
		837FAE3E26E68EAB009ADA43 /* mixkit-wild-lion-animal-roar-6.wav in Resources */ = {isa = PBXBuildFile; fileRef = 837FAE3526E68EAB009ADA43 /* mixkit-wild-lion-animal-roar-6.wav */; };
		837FAE3F26E68EAB009ADA43 /* mixkit-melodical-flute-music-notification-2310.wav in Resources */ = {isa = PBXBuildFile; fileRef = 837FAE3626E68EAB009ADA43 /* mixkit-melodical-flute-music-notification-2310.wav */; };
		8387188726CEEAE8006EF0B7 /* DonateLink.swift in Sources */ = {isa = PBXBuildFile; fileRef = 8387188626CEEAE8006EF0B7 /* DonateLink.swift */; };
		838754BC267A348C00E71CD7 /* ToggleCompleted.swift in Sources */ = {isa = PBXBuildFile; fileRef = 838754BB267A348C00E71CD7 /* ToggleCompleted.swift */; };
		83B2986E26B69B6200C86510 /* AppDelegate.swift in Sources */ = {isa = PBXBuildFile; fileRef = 83B2986D26B69B6200C86510 /* AppDelegate.swift */; };
		83B82ADE26E1F713006E9805 /* ItemRow.swift in Sources */ = {isa = PBXBuildFile; fileRef = 83B82ADD26E1F713006E9805 /* ItemRow.swift */; };
		83B82AE026E23DD3006E9805 /* Cookie-Regular.ttf in Resources */ = {isa = PBXBuildFile; fileRef = 83B82ADF26E23DD3006E9805 /* Cookie-Regular.ttf */; };
		83BBCACF267C0BED00CB8DA6 /* ListInfo.swift in Sources */ = {isa = PBXBuildFile; fileRef = 83BBCACE267C0BED00CB8DA6 /* ListInfo.swift */; };
		83CC35CD26B08C3A00B08F79 /* AppNotification.swift in Sources */ = {isa = PBXBuildFile; fileRef = 83CC35CC26B08C3A00B08F79 /* AppNotification.swift */; };
		83D0269926AF3A6A00FC29B2 /* DateSelection.swift in Sources */ = {isa = PBXBuildFile; fileRef = 83D0269826AF3A6A00FC29B2 /* DateSelection.swift */; };
		83D0269B26AF3F2400FC29B2 /* ItemInfoToolBar.swift in Sources */ = {isa = PBXBuildFile; fileRef = 83D0269A26AF3F2400FC29B2 /* ItemInfoToolBar.swift */; };
		83D0269D26AF3F2D00FC29B2 /* ListToolBar.swift in Sources */ = {isa = PBXBuildFile; fileRef = 83D0269C26AF3F2D00FC29B2 /* ListToolBar.swift */; };
		83D0269F26AF5AF000FC29B2 /* ItemNote.swift in Sources */ = {isa = PBXBuildFile; fileRef = 83D0269E26AF5AF000FC29B2 /* ItemNote.swift */; };
		83D0CFAE268A2C3200BD1553 /* Color+Codable.swift in Sources */ = {isa = PBXBuildFile; fileRef = 83D0CFAD268A2C3200BD1553 /* Color+Codable.swift */; };
		83D4B0132677857600C3994A /* CheckListsApp.swift in Sources */ = {isa = PBXBuildFile; fileRef = 83D4B0122677857600C3994A /* CheckListsApp.swift */; };
		83D4B0152677857600C3994A /* ContentView.swift in Sources */ = {isa = PBXBuildFile; fileRef = 83D4B0142677857600C3994A /* ContentView.swift */; };
		83D4B0172677857800C3994A /* Assets.xcassets in Resources */ = {isa = PBXBuildFile; fileRef = 83D4B0162677857800C3994A /* Assets.xcassets */; };
		83D4B01A2677857800C3994A /* Preview Assets.xcassets in Resources */ = {isa = PBXBuildFile; fileRef = 83D4B0192677857800C3994A /* Preview Assets.xcassets */; };
		83D4B02326779A0900C3994A /* ListSelection.swift in Sources */ = {isa = PBXBuildFile; fileRef = 83D4B02226779A0900C3994A /* ListSelection.swift */; };
		83D4B02526779A5E00C3994A /* ListRow.swift in Sources */ = {isa = PBXBuildFile; fileRef = 83D4B02426779A5E00C3994A /* ListRow.swift */; };
		83D4B02D2677A0F800C3994A /* CheckList.swift in Sources */ = {isa = PBXBuildFile; fileRef = 83D4B02C2677A0F800C3994A /* CheckList.swift */; };
		83D4B02F2677A95800C3994A /* ModelData.swift in Sources */ = {isa = PBXBuildFile; fileRef = 83D4B02E2677A95800C3994A /* ModelData.swift */; };
		83D64DA926C13EFA00061FE1 /* CompletedOption.swift in Sources */ = {isa = PBXBuildFile; fileRef = 83D64DA826C13EFA00061FE1 /* CompletedOption.swift */; };
		83D64DAF26C1409700061FE1 /* CompletedOptionAnimation.json in Resources */ = {isa = PBXBuildFile; fileRef = 83D64DAE26C1409700061FE1 /* CompletedOptionAnimation.json */; };
		83D64DB126C14FFB00061FE1 /* CheckListDTO.swift in Sources */ = {isa = PBXBuildFile; fileRef = 83D64DB026C14FFB00061FE1 /* CheckListDTO.swift */; };
/* End PBXBuildFile section */

/* Begin PBXFileReference section */
		8303EAE526B15AB90026E279 /* ItemListToolBar.swift */ = {isa = PBXFileReference; lastKnownFileType = sourcecode.swift; path = ItemListToolBar.swift; sourceTree = "<group>"; };
		83132B5226BB112300E4EE5A /* DeleteList.swift */ = {isa = PBXFileReference; lastKnownFileType = sourcecode.swift; path = DeleteList.swift; sourceTree = "<group>"; };
		8313919026DFFA4500C1B348 /* SettingsView.swift */ = {isa = PBXFileReference; lastKnownFileType = sourcecode.swift; path = SettingsView.swift; sourceTree = "<group>"; };
		8313919326E01C8400C1B348 /* iPhone-Note-SMS.m4r */ = {isa = PBXFileReference; lastKnownFileType = file; path = "iPhone-Note-SMS.m4r"; sourceTree = "<group>"; };
		8313919626E01CB000C1B348 /* mixkit-achievement-bell-600.wav */ = {isa = PBXFileReference; lastKnownFileType = audio.wav; path = "mixkit-achievement-bell-600.wav"; sourceTree = "<group>"; };
		8313919826E01CC500C1B348 /* mixkit-bell-notification-933.wav */ = {isa = PBXFileReference; lastKnownFileType = audio.wav; path = "mixkit-bell-notification-933.wav"; sourceTree = "<group>"; };
		8313919A26E01CD100C1B348 /* mixkit-bells-of-mystery-581.wav */ = {isa = PBXFileReference; lastKnownFileType = audio.wav; path = "mixkit-bells-of-mystery-581.wav"; sourceTree = "<group>"; };
		8313919C26E01CDE00C1B348 /* mixkit-correct-answer-reward-952.wav */ = {isa = PBXFileReference; lastKnownFileType = audio.wav; path = "mixkit-correct-answer-reward-952.wav"; sourceTree = "<group>"; };
		8313919E26E01CEB00C1B348 /* mixkit-dance-with-me-3.mp3 */ = {isa = PBXFileReference; lastKnownFileType = audio.mp3; path = "mixkit-dance-with-me-3.mp3"; sourceTree = "<group>"; };
		831391A026E01CF300C1B348 /* mixkit-dreaming-big-31.mp3 */ = {isa = PBXFileReference; lastKnownFileType = audio.mp3; path = "mixkit-dreaming-big-31.mp3"; sourceTree = "<group>"; };
		831391A226E01CFD00C1B348 /* mixkit-happy-bells-notification-937.wav */ = {isa = PBXFileReference; lastKnownFileType = audio.wav; path = "mixkit-happy-bells-notification-937.wav"; sourceTree = "<group>"; };
		831391A426E01D0700C1B348 /* mixkit-home-standard-ding-dong-109.wav */ = {isa = PBXFileReference; lastKnownFileType = audio.wav; path = "mixkit-home-standard-ding-dong-109.wav"; sourceTree = "<group>"; };
		831391A626E01D1700C1B348 /* mixkit-musical-reveal-961.wav */ = {isa = PBXFileReference; lastKnownFileType = audio.wav; path = "mixkit-musical-reveal-961.wav"; sourceTree = "<group>"; };
		831391A826E01D2900C1B348 /* mixkit-raising-me-higher-34.mp3 */ = {isa = PBXFileReference; lastKnownFileType = audio.mp3; path = "mixkit-raising-me-higher-34.mp3"; sourceTree = "<group>"; };
		831391AA26E01D3300C1B348 /* mixkit-retro-game-emergency-alarm-1000.wav */ = {isa = PBXFileReference; lastKnownFileType = audio.wav; path = "mixkit-retro-game-emergency-alarm-1000.wav"; sourceTree = "<group>"; };
		831391AC26E01D3F00C1B348 /* mixkit-school-calling-bell-580.wav */ = {isa = PBXFileReference; lastKnownFileType = audio.wav; path = "mixkit-school-calling-bell-580.wav"; sourceTree = "<group>"; };
		831391AE26E0214A00C1B348 /* AlarmPicker.swift */ = {isa = PBXFileReference; lastKnownFileType = sourcecode.swift; path = AlarmPicker.swift; sourceTree = "<group>"; };
		831890B326B5710D0053E4A4 /* DeleteItem.swift */ = {isa = PBXFileReference; lastKnownFileType = sourcecode.swift; path = DeleteItem.swift; sourceTree = "<group>"; };
		831890B526B59C3C0053E4A4 /* NotificationPermission.swift */ = {isa = PBXFileReference; lastKnownFileType = sourcecode.swift; path = NotificationPermission.swift; sourceTree = "<group>"; };
		831890BD26B5A5E80053E4A4 /* LottieView.swift */ = {isa = PBXFileReference; lastKnownFileType = sourcecode.swift; path = LottieView.swift; sourceTree = "<group>"; };
		831890BF26B5AC5D0053E4A4 /* NotificationBell.json */ = {isa = PBXFileReference; fileEncoding = 4; lastKnownFileType = text.json; path = NotificationBell.json; sourceTree = "<group>"; };
		8339EDAB2677EAF9000A21C7 /* ItemList.swift */ = {isa = PBXFileReference; lastKnownFileType = sourcecode.swift; path = ItemList.swift; sourceTree = "<group>"; };
		8339EDB72678DBE7000A21C7 /* ItemInfo.swift */ = {isa = PBXFileReference; lastKnownFileType = sourcecode.swift; path = ItemInfo.swift; sourceTree = "<group>"; };
		833F1F4626CDD8DE00CB506D /* ImagePicker.swift */ = {isa = PBXFileReference; lastKnownFileType = sourcecode.swift; path = ImagePicker.swift; sourceTree = "<group>"; };
		8343625B26C987EA00792B8C /* ListDescription.swift */ = {isa = PBXFileReference; lastKnownFileType = sourcecode.swift; path = ListDescription.swift; sourceTree = "<group>"; };
		834E95A326E36B920003682A /* AudioPlayer.swift */ = {isa = PBXFileReference; lastKnownFileType = sourcecode.swift; path = AudioPlayer.swift; sourceTree = "<group>"; };
		834E95A526E3C2180003682A /* Licenses.md */ = {isa = PBXFileReference; lastKnownFileType = net.daringfireball.markdown; path = Licenses.md; sourceTree = "<group>"; };
		83536C3B26E6A130009AFCAC /* mixkit-oh-779.mp3 */ = {isa = PBXFileReference; lastKnownFileType = audio.mp3; path = "mixkit-oh-779.mp3"; sourceTree = "<group>"; };
		83536C3D26E6A206009AFCAC /* mixkit-life-is-a-dream-837.mp3 */ = {isa = PBXFileReference; lastKnownFileType = audio.mp3; path = "mixkit-life-is-a-dream-837.mp3"; sourceTree = "<group>"; };
		8354BAE326C0AA8200F69DA5 /* AddInfoButton.swift */ = {isa = PBXFileReference; lastKnownFileType = sourcecode.swift; path = AddInfoButton.swift; sourceTree = "<group>"; };
		8362ECCA26DC52B8004A874D /* README.md */ = {isa = PBXFileReference; fileEncoding = 4; lastKnownFileType = net.daringfireball.markdown; path = README.md; sourceTree = "<group>"; };
		837FAE2C26E5F85E009ADA43 /* ViewOnGithub.swift */ = {isa = PBXFileReference; lastKnownFileType = sourcecode.swift; path = ViewOnGithub.swift; sourceTree = "<group>"; };
		837FAE2E26E68EAB009ADA43 /* mixkit-marimba-waiting-ringtone-1360.wav */ = {isa = PBXFileReference; lastKnownFileType = audio.wav; path = "mixkit-marimba-waiting-ringtone-1360.wav"; sourceTree = "<group>"; };
		837FAE2F26E68EAB009ADA43 /* mixkit-retro-game-notification-212.wav */ = {isa = PBXFileReference; lastKnownFileType = audio.wav; path = "mixkit-retro-game-notification-212.wav"; sourceTree = "<group>"; };
		837FAE3026E68EAB009ADA43 /* mixkit-woosh-wind-1168.wav */ = {isa = PBXFileReference; lastKnownFileType = audio.wav; path = "mixkit-woosh-wind-1168.wav"; sourceTree = "<group>"; };
		837FAE3126E68EAB009ADA43 /* mixkit-little-birds-singing-in-the-trees-17.mp3 */ = {isa = PBXFileReference; lastKnownFileType = audio.mp3; path = "mixkit-little-birds-singing-in-the-trees-17.mp3"; sourceTree = "<group>"; };
		837FAE3226E68EAB009ADA43 /* mixkit-game-show-suspense-waiting-667.wav */ = {isa = PBXFileReference; lastKnownFileType = audio.wav; path = "mixkit-game-show-suspense-waiting-667.wav"; sourceTree = "<group>"; };
		837FAE3326E68EAB009ADA43 /* mixkit-light-rain-loop-2393.mp3 */ = {isa = PBXFileReference; lastKnownFileType = audio.mp3; path = "mixkit-light-rain-loop-2393.mp3"; sourceTree = "<group>"; };
		837FAE3426E68EAB009ADA43 /* mixkit-vintage-telephone-ringtone-1356.wav */ = {isa = PBXFileReference; lastKnownFileType = audio.wav; path = "mixkit-vintage-telephone-ringtone-1356.wav"; sourceTree = "<group>"; };
		837FAE3526E68EAB009ADA43 /* mixkit-wild-lion-animal-roar-6.wav */ = {isa = PBXFileReference; lastKnownFileType = audio.wav; path = "mixkit-wild-lion-animal-roar-6.wav"; sourceTree = "<group>"; };
		837FAE3626E68EAB009ADA43 /* mixkit-melodical-flute-music-notification-2310.wav */ = {isa = PBXFileReference; lastKnownFileType = audio.wav; path = "mixkit-melodical-flute-music-notification-2310.wav"; sourceTree = "<group>"; };
		8387188626CEEAE8006EF0B7 /* DonateLink.swift */ = {isa = PBXFileReference; lastKnownFileType = sourcecode.swift; path = DonateLink.swift; sourceTree = "<group>"; };
		838754BB267A348C00E71CD7 /* ToggleCompleted.swift */ = {isa = PBXFileReference; lastKnownFileType = sourcecode.swift; path = ToggleCompleted.swift; sourceTree = "<group>"; };
		83B2986D26B69B6200C86510 /* AppDelegate.swift */ = {isa = PBXFileReference; lastKnownFileType = sourcecode.swift; path = AppDelegate.swift; sourceTree = "<group>"; };
		83B82ADD26E1F713006E9805 /* ItemRow.swift */ = {isa = PBXFileReference; lastKnownFileType = sourcecode.swift; path = ItemRow.swift; sourceTree = "<group>"; };
		83B82ADF26E23DD3006E9805 /* Cookie-Regular.ttf */ = {isa = PBXFileReference; lastKnownFileType = file; path = "Cookie-Regular.ttf"; sourceTree = "<group>"; };
		83BBCACE267C0BED00CB8DA6 /* ListInfo.swift */ = {isa = PBXFileReference; lastKnownFileType = sourcecode.swift; path = ListInfo.swift; sourceTree = "<group>"; };
		83CC35C926B0864500B08F79 /* Info.plist */ = {isa = PBXFileReference; fileEncoding = 4; lastKnownFileType = text.plist.xml; path = Info.plist; sourceTree = "<group>"; };
		83CC35CC26B08C3A00B08F79 /* AppNotification.swift */ = {isa = PBXFileReference; lastKnownFileType = sourcecode.swift; path = AppNotification.swift; sourceTree = "<group>"; };
		83D0269826AF3A6A00FC29B2 /* DateSelection.swift */ = {isa = PBXFileReference; lastKnownFileType = sourcecode.swift; path = DateSelection.swift; sourceTree = "<group>"; };
		83D0269A26AF3F2400FC29B2 /* ItemInfoToolBar.swift */ = {isa = PBXFileReference; lastKnownFileType = sourcecode.swift; path = ItemInfoToolBar.swift; sourceTree = "<group>"; };
		83D0269C26AF3F2D00FC29B2 /* ListToolBar.swift */ = {isa = PBXFileReference; lastKnownFileType = sourcecode.swift; path = ListToolBar.swift; sourceTree = "<group>"; };
		83D0269E26AF5AF000FC29B2 /* ItemNote.swift */ = {isa = PBXFileReference; lastKnownFileType = sourcecode.swift; path = ItemNote.swift; sourceTree = "<group>"; };
		83D0CFAD268A2C3200BD1553 /* Color+Codable.swift */ = {isa = PBXFileReference; fileEncoding = 4; lastKnownFileType = sourcecode.swift; path = "Color+Codable.swift"; sourceTree = "<group>"; };
		83D4B00F2677857600C3994A /* StrikeOut.app */ = {isa = PBXFileReference; explicitFileType = wrapper.application; includeInIndex = 0; path = StrikeOut.app; sourceTree = BUILT_PRODUCTS_DIR; };
		83D4B0122677857600C3994A /* CheckListsApp.swift */ = {isa = PBXFileReference; lastKnownFileType = sourcecode.swift; path = CheckListsApp.swift; sourceTree = "<group>"; };
		83D4B0142677857600C3994A /* ContentView.swift */ = {isa = PBXFileReference; lastKnownFileType = sourcecode.swift; path = ContentView.swift; sourceTree = "<group>"; };
		83D4B0162677857800C3994A /* Assets.xcassets */ = {isa = PBXFileReference; lastKnownFileType = folder.assetcatalog; path = Assets.xcassets; sourceTree = "<group>"; };
		83D4B0192677857800C3994A /* Preview Assets.xcassets */ = {isa = PBXFileReference; lastKnownFileType = folder.assetcatalog; path = "Preview Assets.xcassets"; sourceTree = "<group>"; };
		83D4B02226779A0900C3994A /* ListSelection.swift */ = {isa = PBXFileReference; lastKnownFileType = sourcecode.swift; path = ListSelection.swift; sourceTree = "<group>"; };
		83D4B02426779A5E00C3994A /* ListRow.swift */ = {isa = PBXFileReference; lastKnownFileType = sourcecode.swift; path = ListRow.swift; sourceTree = "<group>"; };
		83D4B02C2677A0F800C3994A /* CheckList.swift */ = {isa = PBXFileReference; lastKnownFileType = sourcecode.swift; path = CheckList.swift; sourceTree = "<group>"; };
		83D4B02E2677A95800C3994A /* ModelData.swift */ = {isa = PBXFileReference; lastKnownFileType = sourcecode.swift; path = ModelData.swift; sourceTree = "<group>"; };
		83D64DA826C13EFA00061FE1 /* CompletedOption.swift */ = {isa = PBXFileReference; lastKnownFileType = sourcecode.swift; path = CompletedOption.swift; sourceTree = "<group>"; };
		83D64DAE26C1409700061FE1 /* CompletedOptionAnimation.json */ = {isa = PBXFileReference; fileEncoding = 4; lastKnownFileType = text.json; path = CompletedOptionAnimation.json; sourceTree = "<group>"; };
		83D64DB026C14FFB00061FE1 /* CheckListDTO.swift */ = {isa = PBXFileReference; lastKnownFileType = sourcecode.swift; path = CheckListDTO.swift; sourceTree = "<group>"; };
/* End PBXFileReference section */

/* Begin PBXFrameworksBuildPhase section */
		83D4B00C2677857600C3994A /* Frameworks */ = {
			isa = PBXFrameworksBuildPhase;
			buildActionMask = 2147483647;
			files = (
				831890B926B5A2CB0053E4A4 /* Lottie in Frameworks */,
			);
			runOnlyForDeploymentPostprocessing = 0;
		};
/* End PBXFrameworksBuildPhase section */

/* Begin PBXGroup section */
		83132B4E26BAD88D00E4EE5A /* Lists */ = {
			isa = PBXGroup;
			children = (
				83D4B02426779A5E00C3994A /* ListRow.swift */,
				83D0269C26AF3F2D00FC29B2 /* ListToolBar.swift */,
				83132B5226BB112300E4EE5A /* DeleteList.swift */,
				8343625B26C987EA00792B8C /* ListDescription.swift */,
				833F1F4626CDD8DE00CB506D /* ImagePicker.swift */,
			);
			path = Lists;
			sourceTree = "<group>";
		};
		83132B4F26BAD89C00E4EE5A /* Items */ = {
			isa = PBXGroup;
			children = (
				83B82ADD26E1F713006E9805 /* ItemRow.swift */,
				838754BB267A348C00E71CD7 /* ToggleCompleted.swift */,
				8354BAE326C0AA8200F69DA5 /* AddInfoButton.swift */,
				83D0269826AF3A6A00FC29B2 /* DateSelection.swift */,
				8303EAE526B15AB90026E279 /* ItemListToolBar.swift */,
				83D0269A26AF3F2400FC29B2 /* ItemInfoToolBar.swift */,
				83D0269E26AF5AF000FC29B2 /* ItemNote.swift */,
				831890B326B5710D0053E4A4 /* DeleteItem.swift */,
			);
			path = Items;
			sourceTree = "<group>";
		};
		8313919526E01C8F00C1B348 /* AlarmTones */ = {
			isa = PBXGroup;
			children = (
				8313919326E01C8400C1B348 /* iPhone-Note-SMS.m4r */,
				83536C3D26E6A206009AFCAC /* mixkit-life-is-a-dream-837.mp3 */,
				83536C3B26E6A130009AFCAC /* mixkit-oh-779.mp3 */,
				837FAE3226E68EAB009ADA43 /* mixkit-game-show-suspense-waiting-667.wav */,
				837FAE3326E68EAB009ADA43 /* mixkit-light-rain-loop-2393.mp3 */,
				837FAE3126E68EAB009ADA43 /* mixkit-little-birds-singing-in-the-trees-17.mp3 */,
				837FAE2E26E68EAB009ADA43 /* mixkit-marimba-waiting-ringtone-1360.wav */,
				837FAE3626E68EAB009ADA43 /* mixkit-melodical-flute-music-notification-2310.wav */,
				837FAE2F26E68EAB009ADA43 /* mixkit-retro-game-notification-212.wav */,
				837FAE3426E68EAB009ADA43 /* mixkit-vintage-telephone-ringtone-1356.wav */,
				837FAE3526E68EAB009ADA43 /* mixkit-wild-lion-animal-roar-6.wav */,
				837FAE3026E68EAB009ADA43 /* mixkit-woosh-wind-1168.wav */,
				8313919626E01CB000C1B348 /* mixkit-achievement-bell-600.wav */,
				8313919826E01CC500C1B348 /* mixkit-bell-notification-933.wav */,
				8313919A26E01CD100C1B348 /* mixkit-bells-of-mystery-581.wav */,
				8313919C26E01CDE00C1B348 /* mixkit-correct-answer-reward-952.wav */,
				8313919E26E01CEB00C1B348 /* mixkit-dance-with-me-3.mp3 */,
				831391A026E01CF300C1B348 /* mixkit-dreaming-big-31.mp3 */,
				831391A226E01CFD00C1B348 /* mixkit-happy-bells-notification-937.wav */,
				831391A426E01D0700C1B348 /* mixkit-home-standard-ding-dong-109.wav */,
				831391A626E01D1700C1B348 /* mixkit-musical-reveal-961.wav */,
				831391A826E01D2900C1B348 /* mixkit-raising-me-higher-34.mp3 */,
				831391AA26E01D3300C1B348 /* mixkit-retro-game-emergency-alarm-1000.wav */,
				831391AC26E01D3F00C1B348 /* mixkit-school-calling-bell-580.wav */,
			);
			path = AlarmTones;
			sourceTree = "<group>";
		};
		831890BA26B5A4BE0053E4A4 /* Resources */ = {
			isa = PBXGroup;
			children = (
				83B82ADF26E23DD3006E9805 /* Cookie-Regular.ttf */,
				83D64DAE26C1409700061FE1 /* CompletedOptionAnimation.json */,
				831890BF26B5AC5D0053E4A4 /* NotificationBell.json */,
				8313919526E01C8F00C1B348 /* AlarmTones */,
			);
			path = Resources;
			sourceTree = "<group>";
		};
		8339EDAD2677EB97000A21C7 /* Lists */ = {
			isa = PBXGroup;
			children = (
				83D4B02226779A0900C3994A /* ListSelection.swift */,
				83BBCACE267C0BED00CB8DA6 /* ListInfo.swift */,
			);
			path = Lists;
			sourceTree = "<group>";
		};
		8339EDAE2677EBA9000A21C7 /* Items */ = {
			isa = PBXGroup;
			children = (
				8339EDAB2677EAF9000A21C7 /* ItemList.swift */,
				8339EDB72678DBE7000A21C7 /* ItemInfo.swift */,
			);
			path = Items;
			sourceTree = "<group>";
		};
		838754BD267A349400E71CD7 /* Helpers */ = {
			isa = PBXGroup;
			children = (
				83132B4E26BAD88D00E4EE5A /* Lists */,
				83132B4F26BAD89C00E4EE5A /* Items */,
				83D64DA826C13EFA00061FE1 /* CompletedOption.swift */,
				8387188626CEEAE8006EF0B7 /* DonateLink.swift */,
				831890B526B59C3C0053E4A4 /* NotificationPermission.swift */,
				837FAE2C26E5F85E009ADA43 /* ViewOnGithub.swift */,
				831391AE26E0214A00C1B348 /* AlarmPicker.swift */,
			);
			path = Helpers;
			sourceTree = "<group>";
		};
		83D4B0062677857600C3994A = {
			isa = PBXGroup;
			children = (
				834E95A526E3C2180003682A /* Licenses.md */,
				8362ECCA26DC52B8004A874D /* README.md */,
				83D4B0112677857600C3994A /* CheckLists */,
				83D4B0102677857600C3994A /* Products */,
			);
			sourceTree = "<group>";
		};
		83D4B0102677857600C3994A /* Products */ = {
			isa = PBXGroup;
			children = (
				83D4B00F2677857600C3994A /* StrikeOut.app */,
			);
			name = Products;
			sourceTree = "<group>";
		};
		83D4B0112677857600C3994A /* CheckLists */ = {
			isa = PBXGroup;
			children = (
				83D4B0122677857600C3994A /* CheckListsApp.swift */,
				83B2986D26B69B6200C86510 /* AppDelegate.swift */,
				83D4B021267799F000C3994A /* Views */,
				83D4B02626779D2800C3994A /* Model */,
				831890BA26B5A4BE0053E4A4 /* Resources */,
				83D4B0162677857800C3994A /* Assets.xcassets */,
				83CC35C926B0864500B08F79 /* Info.plist */,
				83D4B0182677857800C3994A /* Preview Content */,
			);
			path = CheckLists;
			sourceTree = "<group>";
		};
		83D4B0182677857800C3994A /* Preview Content */ = {
			isa = PBXGroup;
			children = (
				83D4B0192677857800C3994A /* Preview Assets.xcassets */,
			);
			path = "Preview Content";
			sourceTree = "<group>";
		};
		83D4B021267799F000C3994A /* Views */ = {
			isa = PBXGroup;
			children = (
				83D4B0142677857600C3994A /* ContentView.swift */,
				8313919026DFFA4500C1B348 /* SettingsView.swift */,
				8339EDAD2677EB97000A21C7 /* Lists */,
				8339EDAE2677EBA9000A21C7 /* Items */,
				838754BD267A349400E71CD7 /* Helpers */,
			);
			path = Views;
			sourceTree = "<group>";
		};
		83D4B02626779D2800C3994A /* Model */ = {
			isa = PBXGroup;
			children = (
				83D4B02E2677A95800C3994A /* ModelData.swift */,
				83D4B02C2677A0F800C3994A /* CheckList.swift */,
				83D64DB026C14FFB00061FE1 /* CheckListDTO.swift */,
				83CC35CC26B08C3A00B08F79 /* AppNotification.swift */,
				83D0CFAD268A2C3200BD1553 /* Color+Codable.swift */,
				831890BD26B5A5E80053E4A4 /* LottieView.swift */,
				834E95A326E36B920003682A /* AudioPlayer.swift */,
			);
			path = Model;
			sourceTree = "<group>";
		};
/* End PBXGroup section */

/* Begin PBXNativeTarget section */
		83D4B00E2677857600C3994A /* StrikeOut */ = {
			isa = PBXNativeTarget;
			buildConfigurationList = 83D4B01E2677857800C3994A /* Build configuration list for PBXNativeTarget "StrikeOut" */;
			buildPhases = (
				83D4B00B2677857600C3994A /* Sources */,
				83D4B00C2677857600C3994A /* Frameworks */,
				83D4B00D2677857600C3994A /* Resources */,
			);
			buildRules = (
			);
			dependencies = (
			);
			name = StrikeOut;
			packageProductDependencies = (
				831890B826B5A2CB0053E4A4 /* Lottie */,
			);
			productName = CheckLists;
			productReference = 83D4B00F2677857600C3994A /* StrikeOut.app */;
			productType = "com.apple.product-type.application";
		};
/* End PBXNativeTarget section */

/* Begin PBXProject section */
		83D4B0072677857600C3994A /* Project object */ = {
			isa = PBXProject;
			attributes = {
				LastSwiftUpdateCheck = 1250;
				LastUpgradeCheck = 1250;
				TargetAttributes = {
					83D4B00E2677857600C3994A = {
						CreatedOnToolsVersion = 12.5;
					};
				};
			};
			buildConfigurationList = 83D4B00A2677857600C3994A /* Build configuration list for PBXProject "StrikeOut" */;
			compatibilityVersion = "Xcode 9.3";
			developmentRegion = en;
			hasScannedForEncodings = 0;
			knownRegions = (
				en,
				Base,
			);
			mainGroup = 83D4B0062677857600C3994A;
			packageReferences = (
				831890B726B5A2CB0053E4A4 /* XCRemoteSwiftPackageReference "lottie-ios" */,
			);
			productRefGroup = 83D4B0102677857600C3994A /* Products */;
			projectDirPath = "";
			projectRoot = "";
			targets = (
				83D4B00E2677857600C3994A /* StrikeOut */,
			);
		};
/* End PBXProject section */

/* Begin PBXResourcesBuildPhase section */
		83D4B00D2677857600C3994A /* Resources */ = {
			isa = PBXResourcesBuildPhase;
			buildActionMask = 2147483647;
			files = (
				83B82AE026E23DD3006E9805 /* Cookie-Regular.ttf in Resources */,
				831391AD26E01D3F00C1B348 /* mixkit-school-calling-bell-580.wav in Resources */,
				8313919F26E01CEB00C1B348 /* mixkit-dance-with-me-3.mp3 in Resources */,
				837FAE3B26E68EAB009ADA43 /* mixkit-game-show-suspense-waiting-667.wav in Resources */,
				83D4B01A2677857800C3994A /* Preview Assets.xcassets in Resources */,
				831391A726E01D1700C1B348 /* mixkit-musical-reveal-961.wav in Resources */,
				8313919D26E01CDE00C1B348 /* mixkit-correct-answer-reward-952.wav in Resources */,
				831391A926E01D2900C1B348 /* mixkit-raising-me-higher-34.mp3 in Resources */,
				837FAE3926E68EAB009ADA43 /* mixkit-woosh-wind-1168.wav in Resources */,
				83D4B0172677857800C3994A /* Assets.xcassets in Resources */,
				8313919B26E01CD100C1B348 /* mixkit-bells-of-mystery-581.wav in Resources */,
				8313919726E01CB000C1B348 /* mixkit-achievement-bell-600.wav in Resources */,
				831391A126E01CF300C1B348 /* mixkit-dreaming-big-31.mp3 in Resources */,
				837FAE3F26E68EAB009ADA43 /* mixkit-melodical-flute-music-notification-2310.wav in Resources */,
				831391A526E01D0700C1B348 /* mixkit-home-standard-ding-dong-109.wav in Resources */,
				837FAE3826E68EAB009ADA43 /* mixkit-retro-game-notification-212.wav in Resources */,
				837FAE3E26E68EAB009ADA43 /* mixkit-wild-lion-animal-roar-6.wav in Resources */,
				837FAE3A26E68EAB009ADA43 /* mixkit-little-birds-singing-in-the-trees-17.mp3 in Resources */,
				831391AB26E01D3300C1B348 /* mixkit-retro-game-emergency-alarm-1000.wav in Resources */,
				83536C3E26E6A206009AFCAC /* mixkit-life-is-a-dream-837.mp3 in Resources */,
				837FAE3D26E68EAB009ADA43 /* mixkit-vintage-telephone-ringtone-1356.wav in Resources */,
				831391A326E01CFD00C1B348 /* mixkit-happy-bells-notification-937.wav in Resources */,
				837FAE3726E68EAB009ADA43 /* mixkit-marimba-waiting-ringtone-1360.wav in Resources */,
				8313919426E01C8400C1B348 /* iPhone-Note-SMS.m4r in Resources */,
				837FAE3C26E68EAB009ADA43 /* mixkit-light-rain-loop-2393.mp3 in Resources */,
				8313919926E01CC500C1B348 /* mixkit-bell-notification-933.wav in Resources */,
				8362ECCB26DC52B9004A874D /* README.md in Resources */,
				831890C026B5AC5D0053E4A4 /* NotificationBell.json in Resources */,
				83536C3C26E6A130009AFCAC /* mixkit-oh-779.mp3 in Resources */,
				83D64DAF26C1409700061FE1 /* CompletedOptionAnimation.json in Resources */,
			);
			runOnlyForDeploymentPostprocessing = 0;
		};
/* End PBXResourcesBuildPhase section */

/* Begin PBXSourcesBuildPhase section */
		83D4B00B2677857600C3994A /* Sources */ = {
			isa = PBXSourcesBuildPhase;
			buildActionMask = 2147483647;
			files = (
				8387188726CEEAE8006EF0B7 /* DonateLink.swift in Sources */,
				8343625C26C987EA00792B8C /* ListDescription.swift in Sources */,
				83B2986E26B69B6200C86510 /* AppDelegate.swift in Sources */,
				83BBCACF267C0BED00CB8DA6 /* ListInfo.swift in Sources */,
				831890B626B59C3C0053E4A4 /* NotificationPermission.swift in Sources */,
				83D4B02526779A5E00C3994A /* ListRow.swift in Sources */,
				831890B426B5710D0053E4A4 /* DeleteItem.swift in Sources */,
				83CC35CD26B08C3A00B08F79 /* AppNotification.swift in Sources */,
				83D0269926AF3A6A00FC29B2 /* DateSelection.swift in Sources */,
				837FAE2D26E5F85E009ADA43 /* ViewOnGithub.swift in Sources */,
				83D4B0152677857600C3994A /* ContentView.swift in Sources */,
				83D4B02326779A0900C3994A /* ListSelection.swift in Sources */,
				834E95A426E36B920003682A /* AudioPlayer.swift in Sources */,
				8339EDAC2677EAF9000A21C7 /* ItemList.swift in Sources */,
				8303EAE626B15AB90026E279 /* ItemListToolBar.swift in Sources */,
				83D64DA926C13EFA00061FE1 /* CompletedOption.swift in Sources */,
				83132B5326BB112300E4EE5A /* DeleteList.swift in Sources */,
				838754BC267A348C00E71CD7 /* ToggleCompleted.swift in Sources */,
				833F1F4726CDD8DE00CB506D /* ImagePicker.swift in Sources */,
				8339EDB82678DBE7000A21C7 /* ItemInfo.swift in Sources */,
				83D4B02D2677A0F800C3994A /* CheckList.swift in Sources */,
				83536C3F26E6A578009AFCAC /* SettingsView.swift in Sources */,
				83D0269D26AF3F2D00FC29B2 /* ListToolBar.swift in Sources */,
				83D64DB126C14FFB00061FE1 /* CheckListDTO.swift in Sources */,
				831391AF26E0214A00C1B348 /* AlarmPicker.swift in Sources */,
				83D4B0132677857600C3994A /* CheckListsApp.swift in Sources */,
				83D0269F26AF5AF000FC29B2 /* ItemNote.swift in Sources */,
				83D0CFAE268A2C3200BD1553 /* Color+Codable.swift in Sources */,
				8354BAE426C0AA8200F69DA5 /* AddInfoButton.swift in Sources */,
				831890BE26B5A5E80053E4A4 /* LottieView.swift in Sources */,
				83D0269B26AF3F2400FC29B2 /* ItemInfoToolBar.swift in Sources */,
				83B82ADE26E1F713006E9805 /* ItemRow.swift in Sources */,
				83D4B02F2677A95800C3994A /* ModelData.swift in Sources */,
			);
			runOnlyForDeploymentPostprocessing = 0;
		};
/* End PBXSourcesBuildPhase section */

/* Begin XCBuildConfiguration section */
		83D4B01C2677857800C3994A /* Debug */ = {
			isa = XCBuildConfiguration;
			buildSettings = {
				ALWAYS_SEARCH_USER_PATHS = NO;
				CLANG_ANALYZER_NONNULL = YES;
				CLANG_ANALYZER_NUMBER_OBJECT_CONVERSION = YES_AGGRESSIVE;
				CLANG_CXX_LANGUAGE_STANDARD = "gnu++14";
				CLANG_CXX_LIBRARY = "libc++";
				CLANG_ENABLE_MODULES = YES;
				CLANG_ENABLE_OBJC_ARC = YES;
				CLANG_ENABLE_OBJC_WEAK = YES;
				CLANG_WARN_BLOCK_CAPTURE_AUTORELEASING = YES;
				CLANG_WARN_BOOL_CONVERSION = YES;
				CLANG_WARN_COMMA = YES;
				CLANG_WARN_CONSTANT_CONVERSION = YES;
				CLANG_WARN_DEPRECATED_OBJC_IMPLEMENTATIONS = YES;
				CLANG_WARN_DIRECT_OBJC_ISA_USAGE = YES_ERROR;
				CLANG_WARN_DOCUMENTATION_COMMENTS = YES;
				CLANG_WARN_EMPTY_BODY = YES;
				CLANG_WARN_ENUM_CONVERSION = YES;
				CLANG_WARN_INFINITE_RECURSION = YES;
				CLANG_WARN_INT_CONVERSION = YES;
				CLANG_WARN_NON_LITERAL_NULL_CONVERSION = YES;
				CLANG_WARN_OBJC_IMPLICIT_RETAIN_SELF = YES;
				CLANG_WARN_OBJC_LITERAL_CONVERSION = YES;
				CLANG_WARN_OBJC_ROOT_CLASS = YES_ERROR;
				CLANG_WARN_QUOTED_INCLUDE_IN_FRAMEWORK_HEADER = YES;
				CLANG_WARN_RANGE_LOOP_ANALYSIS = YES;
				CLANG_WARN_STRICT_PROTOTYPES = YES;
				CLANG_WARN_SUSPICIOUS_MOVE = YES;
				CLANG_WARN_UNGUARDED_AVAILABILITY = YES_AGGRESSIVE;
				CLANG_WARN_UNREACHABLE_CODE = YES;
				CLANG_WARN__DUPLICATE_METHOD_MATCH = YES;
				COPY_PHASE_STRIP = NO;
				DEBUG_INFORMATION_FORMAT = dwarf;
				ENABLE_STRICT_OBJC_MSGSEND = YES;
				ENABLE_TESTABILITY = YES;
				GCC_C_LANGUAGE_STANDARD = gnu11;
				GCC_DYNAMIC_NO_PIC = NO;
				GCC_NO_COMMON_BLOCKS = YES;
				GCC_OPTIMIZATION_LEVEL = 0;
				GCC_PREPROCESSOR_DEFINITIONS = (
					"DEBUG=1",
					"$(inherited)",
				);
				GCC_WARN_64_TO_32_BIT_CONVERSION = YES;
				GCC_WARN_ABOUT_RETURN_TYPE = YES_ERROR;
				GCC_WARN_UNDECLARED_SELECTOR = YES;
				GCC_WARN_UNINITIALIZED_AUTOS = YES_AGGRESSIVE;
				GCC_WARN_UNUSED_FUNCTION = YES;
				GCC_WARN_UNUSED_VARIABLE = YES;
				IPHONEOS_DEPLOYMENT_TARGET = 14.5;
				MTL_ENABLE_DEBUG_INFO = INCLUDE_SOURCE;
				MTL_FAST_MATH = YES;
				ONLY_ACTIVE_ARCH = YES;
				SDKROOT = iphoneos;
				SWIFT_ACTIVE_COMPILATION_CONDITIONS = DEBUG;
				SWIFT_OPTIMIZATION_LEVEL = "-Onone";
			};
			name = Debug;
		};
		83D4B01D2677857800C3994A /* Release */ = {
			isa = XCBuildConfiguration;
			buildSettings = {
				ALWAYS_SEARCH_USER_PATHS = NO;
				CLANG_ANALYZER_NONNULL = YES;
				CLANG_ANALYZER_NUMBER_OBJECT_CONVERSION = YES_AGGRESSIVE;
				CLANG_CXX_LANGUAGE_STANDARD = "gnu++14";
				CLANG_CXX_LIBRARY = "libc++";
				CLANG_ENABLE_MODULES = YES;
				CLANG_ENABLE_OBJC_ARC = YES;
				CLANG_ENABLE_OBJC_WEAK = YES;
				CLANG_WARN_BLOCK_CAPTURE_AUTORELEASING = YES;
				CLANG_WARN_BOOL_CONVERSION = YES;
				CLANG_WARN_COMMA = YES;
				CLANG_WARN_CONSTANT_CONVERSION = YES;
				CLANG_WARN_DEPRECATED_OBJC_IMPLEMENTATIONS = YES;
				CLANG_WARN_DIRECT_OBJC_ISA_USAGE = YES_ERROR;
				CLANG_WARN_DOCUMENTATION_COMMENTS = YES;
				CLANG_WARN_EMPTY_BODY = YES;
				CLANG_WARN_ENUM_CONVERSION = YES;
				CLANG_WARN_INFINITE_RECURSION = YES;
				CLANG_WARN_INT_CONVERSION = YES;
				CLANG_WARN_NON_LITERAL_NULL_CONVERSION = YES;
				CLANG_WARN_OBJC_IMPLICIT_RETAIN_SELF = YES;
				CLANG_WARN_OBJC_LITERAL_CONVERSION = YES;
				CLANG_WARN_OBJC_ROOT_CLASS = YES_ERROR;
				CLANG_WARN_QUOTED_INCLUDE_IN_FRAMEWORK_HEADER = YES;
				CLANG_WARN_RANGE_LOOP_ANALYSIS = YES;
				CLANG_WARN_STRICT_PROTOTYPES = YES;
				CLANG_WARN_SUSPICIOUS_MOVE = YES;
				CLANG_WARN_UNGUARDED_AVAILABILITY = YES_AGGRESSIVE;
				CLANG_WARN_UNREACHABLE_CODE = YES;
				CLANG_WARN__DUPLICATE_METHOD_MATCH = YES;
				COPY_PHASE_STRIP = NO;
				DEBUG_INFORMATION_FORMAT = "dwarf-with-dsym";
				ENABLE_NS_ASSERTIONS = NO;
				ENABLE_STRICT_OBJC_MSGSEND = YES;
				GCC_C_LANGUAGE_STANDARD = gnu11;
				GCC_NO_COMMON_BLOCKS = YES;
				GCC_WARN_64_TO_32_BIT_CONVERSION = YES;
				GCC_WARN_ABOUT_RETURN_TYPE = YES_ERROR;
				GCC_WARN_UNDECLARED_SELECTOR = YES;
				GCC_WARN_UNINITIALIZED_AUTOS = YES_AGGRESSIVE;
				GCC_WARN_UNUSED_FUNCTION = YES;
				GCC_WARN_UNUSED_VARIABLE = YES;
				IPHONEOS_DEPLOYMENT_TARGET = 14.5;
				MTL_ENABLE_DEBUG_INFO = NO;
				MTL_FAST_MATH = YES;
				SDKROOT = iphoneos;
				SWIFT_COMPILATION_MODE = wholemodule;
				SWIFT_OPTIMIZATION_LEVEL = "-O";
				VALIDATE_PRODUCT = YES;
			};
			name = Release;
		};
		83D4B01F2677857800C3994A /* Debug */ = {
			isa = XCBuildConfiguration;
			buildSettings = {
				ASSETCATALOG_COMPILER_APPICON_NAME = "AppIcon-1";
				ASSETCATALOG_COMPILER_GLOBAL_ACCENT_COLOR_NAME = AccentColor;
				CODE_SIGN_STYLE = Automatic;
				CURRENT_PROJECT_VERSION = 1;
				DEVELOPMENT_ASSET_PATHS = "\"CheckLists/Preview Content\"";
				DEVELOPMENT_TEAM = 62W399JN7W;
				ENABLE_PREVIEWS = YES;
				INFOPLIST_FILE = CheckLists/Info.plist;
				IPHONEOS_DEPLOYMENT_TARGET = 14.0;
				LD_RUNPATH_SEARCH_PATHS = (
					"$(inherited)",
					"@executable_path/Frameworks",
				);
				MARKETING_VERSION = 1.1.0;
				PRODUCT_BUNDLE_IDENTIFIER = com.arorashivoy.CheckLists;
				PRODUCT_NAME = "$(TARGET_NAME)";
				SWIFT_VERSION = 5.0;
				TARGETED_DEVICE_FAMILY = "1,2";
			};
			name = Debug;
		};
		83D4B0202677857800C3994A /* Release */ = {
			isa = XCBuildConfiguration;
			buildSettings = {
				ASSETCATALOG_COMPILER_APPICON_NAME = "AppIcon-1";
				ASSETCATALOG_COMPILER_GLOBAL_ACCENT_COLOR_NAME = AccentColor;
				CODE_SIGN_STYLE = Automatic;
				CURRENT_PROJECT_VERSION = 1;
				DEVELOPMENT_ASSET_PATHS = "\"CheckLists/Preview Content\"";
				DEVELOPMENT_TEAM = 62W399JN7W;
				ENABLE_PREVIEWS = YES;
				INFOPLIST_FILE = CheckLists/Info.plist;
				IPHONEOS_DEPLOYMENT_TARGET = 14.0;
				LD_RUNPATH_SEARCH_PATHS = (
					"$(inherited)",
					"@executable_path/Frameworks",
				);
				MARKETING_VERSION = 1.1.0;
				PRODUCT_BUNDLE_IDENTIFIER = com.arorashivoy.CheckLists;
				PRODUCT_NAME = "$(TARGET_NAME)";
				SWIFT_VERSION = 5.0;
				TARGETED_DEVICE_FAMILY = "1,2";
			};
			name = Release;
		};
/* End XCBuildConfiguration section */

/* Begin XCConfigurationList section */
		83D4B00A2677857600C3994A /* Build configuration list for PBXProject "StrikeOut" */ = {
			isa = XCConfigurationList;
			buildConfigurations = (
				83D4B01C2677857800C3994A /* Debug */,
				83D4B01D2677857800C3994A /* Release */,
			);
			defaultConfigurationIsVisible = 0;
			defaultConfigurationName = Release;
		};
		83D4B01E2677857800C3994A /* Build configuration list for PBXNativeTarget "StrikeOut" */ = {
			isa = XCConfigurationList;
			buildConfigurations = (
				83D4B01F2677857800C3994A /* Debug */,
				83D4B0202677857800C3994A /* Release */,
			);
			defaultConfigurationIsVisible = 0;
			defaultConfigurationName = Release;
		};
/* End XCConfigurationList section */

/* Begin XCRemoteSwiftPackageReference section */
		831890B726B5A2CB0053E4A4 /* XCRemoteSwiftPackageReference "lottie-ios" */ = {
			isa = XCRemoteSwiftPackageReference;
			repositoryURL = "https://github.com/airbnb/lottie-ios";
			requirement = {
				kind = upToNextMajorVersion;
				minimumVersion = 3.2.3;
			};
		};
/* End XCRemoteSwiftPackageReference section */

/* Begin XCSwiftPackageProductDependency section */
		831890B826B5A2CB0053E4A4 /* Lottie */ = {
			isa = XCSwiftPackageProductDependency;
			package = 831890B726B5A2CB0053E4A4 /* XCRemoteSwiftPackageReference "lottie-ios" */;
			productName = Lottie;
		};
/* End XCSwiftPackageProductDependency section */
	};
	rootObject = 83D4B0072677857600C3994A /* Project object */;
}
